// !$*UTF8*$!
{
	archiveVersion = 1;
	classes = {
	};
	objectVersion = 46;
	objects = {

/* Begin PBXBuildFile section */
		B6DE08D419BB76E8004ECAE6 /* TiValue.cpp in Sources */ = {isa = PBXBuildFile; fileRef = B6DE08D219BB76E8004ECAE6 /* TiValue.cpp */; };
		B6DE08D619BB7711004ECAE6 /* JavaScriptCore.framework in Frameworks */ = {isa = PBXBuildFile; fileRef = B6DE08D519BB7711004ECAE6 /* JavaScriptCore.framework */; };
		B6DE08D919BB77F4004ECAE6 /* TiRuntime.cpp in Sources */ = {isa = PBXBuildFile; fileRef = B6DE08D719BB77F4004ECAE6 /* TiRuntime.cpp */; };
		B6F5254519BE3E4100CFCD3F /* ExampleProxy.cpp in Sources */ = {isa = PBXBuildFile; fileRef = B6F5254319BE3E4100CFCD3F /* ExampleProxy.cpp */; };
		B6F5254619BE3E4100CFCD3F /* ExampleProxy.cpp in Sources */ = {isa = PBXBuildFile; fileRef = B6F5254319BE3E4100CFCD3F /* ExampleProxy.cpp */; };
		B6F5254B19BE3E5200CFCD3F /* BaseProxy.cpp in Sources */ = {isa = PBXBuildFile; fileRef = B6F5254719BE3E5200CFCD3F /* BaseProxy.cpp */; };
		B6F5254C19BE3E5200CFCD3F /* BaseProxy.cpp in Sources */ = {isa = PBXBuildFile; fileRef = B6F5254719BE3E5200CFCD3F /* BaseProxy.cpp */; };
		B6F5254D19BE3E5200CFCD3F /* TiProxy.cpp in Sources */ = {isa = PBXBuildFile; fileRef = B6F5254919BE3E5200CFCD3F /* TiProxy.cpp */; };
		B6F5254E19BE3E5200CFCD3F /* TiProxy.cpp in Sources */ = {isa = PBXBuildFile; fileRef = B6F5254919BE3E5200CFCD3F /* TiProxy.cpp */; };
		C91747D519BB791500032079 /* XCTest.framework in Frameworks */ = {isa = PBXBuildFile; fileRef = C91747D419BB791500032079 /* XCTest.framework */; };
		C91747DB19BB791500032079 /* InfoPlist.strings in Resources */ = {isa = PBXBuildFile; fileRef = C91747D919BB791500032079 /* InfoPlist.strings */; };
		C91747DD19BB791500032079 /* TiValueTests.mm in Sources */ = {isa = PBXBuildFile; fileRef = C91747DC19BB791500032079 /* TiValueTests.mm */; };
		C91747E419BB7A1F00032079 /* TiRuntime.cpp in Sources */ = {isa = PBXBuildFile; fileRef = B6DE08D719BB77F4004ECAE6 /* TiRuntime.cpp */; };
		C91747E519BB7A1F00032079 /* TiValue.cpp in Sources */ = {isa = PBXBuildFile; fileRef = B6DE08D219BB76E8004ECAE6 /* TiValue.cpp */; };
		C91747E619BB7A3800032079 /* JavaScriptCore.framework in Frameworks */ = {isa = PBXBuildFile; fileRef = B6DE08D519BB7711004ECAE6 /* JavaScriptCore.framework */; };
		C91747F319BE8DCF00032079 /* main.cpp in Sources */ = {isa = PBXBuildFile; fileRef = C91747E719BBD49300032079 /* main.cpp */; };
		C941452E19DF212600EC5678 /* TiRuntimeFunctions.cpp in Sources */ = {isa = PBXBuildFile; fileRef = C941452C19DF212600EC5678 /* TiRuntimeFunctions.cpp */; };
		C941452F19DF213B00EC5678 /* TiRuntimeFunctions.cpp in Sources */ = {isa = PBXBuildFile; fileRef = C941452C19DF212600EC5678 /* TiRuntimeFunctions.cpp */; };
		C98091961A1EF0E000AE5930 /* libUtil.a in Frameworks */ = {isa = PBXBuildFile; fileRef = C980918F1A1EF08A00AE5930 /* libUtil.a */; };
		C98091971A1EF12800AE5930 /* libUtil.a in Frameworks */ = {isa = PBXBuildFile; fileRef = C980918F1A1EF08A00AE5930 /* libUtil.a */; };
		C9A4E61A19F0EB5F00CF25BF /* ProxyCacheManager.cpp in Sources */ = {isa = PBXBuildFile; fileRef = C9A4E61819F0EB5F00CF25BF /* ProxyCacheManager.cpp */; };
		C9A4E61B19F0EBC600CF25BF /* ProxyCacheManager.cpp in Sources */ = {isa = PBXBuildFile; fileRef = C9A4E61819F0EB5F00CF25BF /* ProxyCacheManager.cpp */; };
/* End PBXBuildFile section */

/* Begin PBXContainerItemProxy section */
		C91747DF19BB791500032079 /* PBXContainerItemProxy */ = {
			isa = PBXContainerItemProxy;
			containerPortal = B6DE08B019BB75E5004ECAE6 /* Project object */;
			proxyType = 1;
			remoteGlobalIDString = B6DE08B719BB75E5004ECAE6;
			remoteInfo = TiValue;
		};
		C980918E1A1EF08A00AE5930 /* PBXContainerItemProxy */ = {
			isa = PBXContainerItemProxy;
			containerPortal = C98091891A1EF08A00AE5930 /* Util.xcodeproj */;
			proxyType = 2;
			remoteGlobalIDString = C90B8FA61A16F514005F3210;
			remoteInfo = Util;
		};
		C98091901A1EF08A00AE5930 /* PBXContainerItemProxy */ = {
			isa = PBXContainerItemProxy;
			containerPortal = C98091891A1EF08A00AE5930 /* Util.xcodeproj */;
			proxyType = 2;
			remoteGlobalIDString = C90B8FB81A16F537005F3210;
			remoteInfo = UtilTests;
		};
		C98091941A1EF0D200AE5930 /* PBXContainerItemProxy */ = {
			isa = PBXContainerItemProxy;
			containerPortal = C98091891A1EF08A00AE5930 /* Util.xcodeproj */;
			proxyType = 1;
			remoteGlobalIDString = C90B8FA51A16F514005F3210;
			remoteInfo = Util;
		};
/* End PBXContainerItemProxy section */

/* Begin PBXCopyFilesBuildPhase section */
		B6DE08B619BB75E5004ECAE6 /* CopyFiles */ = {
			isa = PBXCopyFilesBuildPhase;
			buildActionMask = 2147483647;
			dstPath = /usr/share/man/man1/;
			dstSubfolderSpec = 0;
			files = (
			);
			runOnlyForDeploymentPostprocessing = 1;
		};
/* End PBXCopyFilesBuildPhase section */

/* Begin PBXFileReference section */
		B6DE08B819BB75E5004ECAE6 /* TiValue */ = {isa = PBXFileReference; explicitFileType = "compiled.mach-o.executable"; includeInIndex = 0; path = TiValue; sourceTree = BUILT_PRODUCTS_DIR; };
		B6DE08D219BB76E8004ECAE6 /* TiValue.cpp */ = {isa = PBXFileReference; fileEncoding = 4; lastKnownFileType = sourcecode.cpp.cpp; name = TiValue.cpp; path = ../../../Source/TitaniumPedro/TiCore/TiValue.cpp; sourceTree = "<group>"; };
		B6DE08D319BB76E8004ECAE6 /* TiValue.h */ = {isa = PBXFileReference; fileEncoding = 4; lastKnownFileType = sourcecode.c.h; name = TiValue.h; path = ../../../Source/TitaniumPedro/TiCore/TiValue.h; sourceTree = "<group>"; };
		B6DE08D519BB7711004ECAE6 /* JavaScriptCore.framework */ = {isa = PBXFileReference; lastKnownFileType = wrapper.framework; name = JavaScriptCore.framework; path = System/Library/Frameworks/JavaScriptCore.framework; sourceTree = SDKROOT; };
		B6DE08D719BB77F4004ECAE6 /* TiRuntime.cpp */ = {isa = PBXFileReference; fileEncoding = 4; lastKnownFileType = sourcecode.cpp.cpp; name = TiRuntime.cpp; path = ../../../Source/TitaniumPedro/TiCore/TiRuntime.cpp; sourceTree = "<group>"; };
		B6DE08D819BB77F4004ECAE6 /* TiRuntime.h */ = {isa = PBXFileReference; fileEncoding = 4; lastKnownFileType = sourcecode.c.h; name = TiRuntime.h; path = ../../../Source/TitaniumPedro/TiCore/TiRuntime.h; sourceTree = "<group>"; };
		B6F5254319BE3E4100CFCD3F /* ExampleProxy.cpp */ = {isa = PBXFileReference; fileEncoding = 4; lastKnownFileType = sourcecode.cpp.cpp; path = ExampleProxy.cpp; sourceTree = "<group>"; };
		B6F5254419BE3E4100CFCD3F /* ExampleProxy.h */ = {isa = PBXFileReference; fileEncoding = 4; lastKnownFileType = sourcecode.c.h; path = ExampleProxy.h; sourceTree = "<group>"; };
		B6F5254719BE3E5200CFCD3F /* BaseProxy.cpp */ = {isa = PBXFileReference; fileEncoding = 4; lastKnownFileType = sourcecode.cpp.cpp; name = BaseProxy.cpp; path = ../../../Source/TitaniumPedro/TiCore/BaseProxy.cpp; sourceTree = "<group>"; };
		B6F5254819BE3E5200CFCD3F /* BaseProxy.h */ = {isa = PBXFileReference; fileEncoding = 4; lastKnownFileType = sourcecode.c.h; name = BaseProxy.h; path = ../../../Source/TitaniumPedro/TiCore/BaseProxy.h; sourceTree = "<group>"; };
		B6F5254919BE3E5200CFCD3F /* TiProxy.cpp */ = {isa = PBXFileReference; fileEncoding = 4; lastKnownFileType = sourcecode.cpp.cpp; name = TiProxy.cpp; path = ../../../Source/TitaniumPedro/TiCore/TiProxy.cpp; sourceTree = "<group>"; };
		B6F5254A19BE3E5200CFCD3F /* TiProxy.h */ = {isa = PBXFileReference; fileEncoding = 4; lastKnownFileType = sourcecode.c.h; name = TiProxy.h; path = ../../../Source/TitaniumPedro/TiCore/TiProxy.h; sourceTree = "<group>"; };
		C91747D219BB791500032079 /* TiValueTests.xctest */ = {isa = PBXFileReference; explicitFileType = wrapper.cfbundle; includeInIndex = 0; path = TiValueTests.xctest; sourceTree = BUILT_PRODUCTS_DIR; };
		C91747D419BB791500032079 /* XCTest.framework */ = {isa = PBXFileReference; lastKnownFileType = wrapper.framework; name = XCTest.framework; path = Library/Frameworks/XCTest.framework; sourceTree = DEVELOPER_DIR; };
		C91747D819BB791500032079 /* TiValueTests-Info.plist */ = {isa = PBXFileReference; lastKnownFileType = text.plist.xml; path = "TiValueTests-Info.plist"; sourceTree = "<group>"; };
		C91747DA19BB791500032079 /* en */ = {isa = PBXFileReference; lastKnownFileType = text.plist.strings; name = en; path = en.lproj/InfoPlist.strings; sourceTree = "<group>"; };
		C91747DC19BB791500032079 /* TiValueTests.mm */ = {isa = PBXFileReference; lastKnownFileType = sourcecode.cpp.objcpp; path = TiValueTests.mm; sourceTree = "<group>"; };
		C91747DE19BB791500032079 /* TiValueTests-Prefix.pch */ = {isa = PBXFileReference; lastKnownFileType = sourcecode.c.h; path = "TiValueTests-Prefix.pch"; sourceTree = "<group>"; };
		C91747E719BBD49300032079 /* main.cpp */ = {isa = PBXFileReference; fileEncoding = 4; lastKnownFileType = sourcecode.cpp.cpp; path = main.cpp; sourceTree = "<group>"; };
		C91747EB19BE503C00032079 /* BaseProxy2.cpp */ = {isa = PBXFileReference; fileEncoding = 4; lastKnownFileType = sourcecode.cpp.cpp; path = BaseProxy2.cpp; sourceTree = "<group>"; };
		C91747EC19BE503C00032079 /* BaseProxy2.h */ = {isa = PBXFileReference; fileEncoding = 4; lastKnownFileType = sourcecode.c.h; path = BaseProxy2.h; sourceTree = "<group>"; };
		C91747EE19BE524E00032079 /* TiProxy2.cpp */ = {isa = PBXFileReference; fileEncoding = 4; lastKnownFileType = sourcecode.cpp.cpp; path = TiProxy2.cpp; sourceTree = "<group>"; };
		C91747EF19BE524E00032079 /* TiProxy2.h */ = {isa = PBXFileReference; fileEncoding = 4; lastKnownFileType = sourcecode.c.h; path = TiProxy2.h; sourceTree = "<group>"; };
		C941452C19DF212600EC5678 /* TiRuntimeFunctions.cpp */ = {isa = PBXFileReference; fileEncoding = 4; lastKnownFileType = sourcecode.cpp.cpp; name = TiRuntimeFunctions.cpp; path = ../../../Source/TitaniumPedro/TiCore/TiRuntimeFunctions.cpp; sourceTree = "<group>"; };
		C941452D19DF212600EC5678 /* TiRuntimeFunctions.h */ = {isa = PBXFileReference; fileEncoding = 4; lastKnownFileType = sourcecode.c.h; name = TiRuntimeFunctions.h; path = ../../../Source/TitaniumPedro/TiCore/TiRuntimeFunctions.h; sourceTree = "<group>"; };
		C941453019DF25C500EC5678 /* ExampleProxy2.cpp */ = {isa = PBXFileReference; fileEncoding = 4; lastKnownFileType = sourcecode.cpp.cpp; path = ExampleProxy2.cpp; sourceTree = "<group>"; };
		C941453119DF25C500EC5678 /* ExampleProxy2.h */ = {isa = PBXFileReference; fileEncoding = 4; lastKnownFileType = sourcecode.c.h; path = ExampleProxy2.h; sourceTree = "<group>"; };
		C98091891A1EF08A00AE5930 /* Util.xcodeproj */ = {isa = PBXFileReference; lastKnownFileType = "wrapper.pb-project"; name = Util.xcodeproj; path = ../../Source/Util/xcode/Util.xcodeproj; sourceTree = "<group>"; };
		C9A4E61819F0EB5F00CF25BF /* ProxyCacheManager.cpp */ = {isa = PBXFileReference; fileEncoding = 4; lastKnownFileType = sourcecode.cpp.cpp; name = ProxyCacheManager.cpp; path = ../../../Source/TitaniumPedro/TiCore/ProxyCacheManager.cpp; sourceTree = "<group>"; };
		C9A4E61919F0EB5F00CF25BF /* ProxyCacheManager.hpp */ = {isa = PBXFileReference; fileEncoding = 4; lastKnownFileType = sourcecode.cpp.h; name = ProxyCacheManager.hpp; path = ../../../Source/TitaniumPedro/TiCore/ProxyCacheManager.hpp; sourceTree = "<group>"; };
/* End PBXFileReference section */

/* Begin PBXFrameworksBuildPhase section */
		B6DE08B519BB75E5004ECAE6 /* Frameworks */ = {
			isa = PBXFrameworksBuildPhase;
			buildActionMask = 2147483647;
			files = (
				C98091961A1EF0E000AE5930 /* libUtil.a in Frameworks */,
				B6DE08D619BB7711004ECAE6 /* JavaScriptCore.framework in Frameworks */,
			);
			runOnlyForDeploymentPostprocessing = 0;
		};
		C91747CF19BB791500032079 /* Frameworks */ = {
			isa = PBXFrameworksBuildPhase;
			buildActionMask = 2147483647;
			files = (
				C98091971A1EF12800AE5930 /* libUtil.a in Frameworks */,
				C91747E619BB7A3800032079 /* JavaScriptCore.framework in Frameworks */,
				C91747D519BB791500032079 /* XCTest.framework in Frameworks */,
			);
			runOnlyForDeploymentPostprocessing = 0;
		};
/* End PBXFrameworksBuildPhase section */

/* Begin PBXGroup section */
		B6DE08AF19BB75E5004ECAE6 = {
			isa = PBXGroup;
			children = (
				C98091891A1EF08A00AE5930 /* Util.xcodeproj */,
				B6DE08D519BB7711004ECAE6 /* JavaScriptCore.framework */,
				B6DE08BA19BB75E5004ECAE6 /* TiValue */,
				C91747D619BB791500032079 /* TiValueTests */,
				C91747D319BB791500032079 /* Frameworks */,
				B6DE08B919BB75E5004ECAE6 /* Products */,
			);
			sourceTree = "<group>";
		};
		B6DE08B919BB75E5004ECAE6 /* Products */ = {
			isa = PBXGroup;
			children = (
				B6DE08B819BB75E5004ECAE6 /* TiValue */,
				C91747D219BB791500032079 /* TiValueTests.xctest */,
			);
			name = Products;
			sourceTree = "<group>";
		};
		B6DE08BA19BB75E5004ECAE6 /* TiValue */ = {
			isa = PBXGroup;
			children = (
				C9A4E61919F0EB5F00CF25BF /* ProxyCacheManager.hpp */,
				C9A4E61819F0EB5F00CF25BF /* ProxyCacheManager.cpp */,
				C91747EC19BE503C00032079 /* BaseProxy2.h */,
				C91747EB19BE503C00032079 /* BaseProxy2.cpp */,
				C91747EF19BE524E00032079 /* TiProxy2.h */,
				C91747EE19BE524E00032079 /* TiProxy2.cpp */,
				C941453119DF25C500EC5678 /* ExampleProxy2.h */,
				C941453019DF25C500EC5678 /* ExampleProxy2.cpp */,
				B6F5254819BE3E5200CFCD3F /* BaseProxy.h */,
				B6F5254719BE3E5200CFCD3F /* BaseProxy.cpp */,
				B6F5254A19BE3E5200CFCD3F /* TiProxy.h */,
				B6F5254919BE3E5200CFCD3F /* TiProxy.cpp */,
				B6F5254419BE3E4100CFCD3F /* ExampleProxy.h */,
				B6F5254319BE3E4100CFCD3F /* ExampleProxy.cpp */,
				C91747E719BBD49300032079 /* main.cpp */,
				B6DE08D819BB77F4004ECAE6 /* TiRuntime.h */,
				B6DE08D719BB77F4004ECAE6 /* TiRuntime.cpp */,
				C941452D19DF212600EC5678 /* TiRuntimeFunctions.h */,
				C941452C19DF212600EC5678 /* TiRuntimeFunctions.cpp */,
				B6DE08D319BB76E8004ECAE6 /* TiValue.h */,
				B6DE08D219BB76E8004ECAE6 /* TiValue.cpp */,
			);
			path = TiValue;
			sourceTree = "<group>";
		};
		C91747D319BB791500032079 /* Frameworks */ = {
			isa = PBXGroup;
			children = (
				C91747D419BB791500032079 /* XCTest.framework */,
			);
			name = Frameworks;
			sourceTree = "<group>";
		};
		C91747D619BB791500032079 /* TiValueTests */ = {
			isa = PBXGroup;
			children = (
				C91747DC19BB791500032079 /* TiValueTests.mm */,
				C91747D719BB791500032079 /* Supporting Files */,
			);
			path = TiValueTests;
			sourceTree = "<group>";
		};
		C91747D719BB791500032079 /* Supporting Files */ = {
			isa = PBXGroup;
			children = (
				C91747D819BB791500032079 /* TiValueTests-Info.plist */,
				C91747D919BB791500032079 /* InfoPlist.strings */,
				C91747DE19BB791500032079 /* TiValueTests-Prefix.pch */,
			);
			name = "Supporting Files";
			sourceTree = "<group>";
		};
		C980918A1A1EF08A00AE5930 /* Products */ = {
			isa = PBXGroup;
			children = (
				C980918F1A1EF08A00AE5930 /* libUtil.a */,
				C98091911A1EF08A00AE5930 /* UtilTests.xctest */,
			);
			name = Products;
			sourceTree = "<group>";
		};
/* End PBXGroup section */

/* Begin PBXNativeTarget section */
		B6DE08B719BB75E5004ECAE6 /* TiValue */ = {
			isa = PBXNativeTarget;
			buildConfigurationList = B6DE08C119BB75E5004ECAE6 /* Build configuration list for PBXNativeTarget "TiValue" */;
			buildPhases = (
				B6DE08B419BB75E5004ECAE6 /* Sources */,
				B6DE08B519BB75E5004ECAE6 /* Frameworks */,
				B6DE08B619BB75E5004ECAE6 /* CopyFiles */,
			);
			buildRules = (
			);
			dependencies = (
				C98091951A1EF0D200AE5930 /* PBXTargetDependency */,
			);
			name = TiValue;
			productName = TiValue;
			productReference = B6DE08B819BB75E5004ECAE6 /* TiValue */;
			productType = "com.apple.product-type.tool";
		};
		C91747D119BB791500032079 /* TiValueTests */ = {
			isa = PBXNativeTarget;
			buildConfigurationList = C91747E319BB791500032079 /* Build configuration list for PBXNativeTarget "TiValueTests" */;
			buildPhases = (
				C91747CE19BB791500032079 /* Sources */,
				C91747CF19BB791500032079 /* Frameworks */,
				C91747D019BB791500032079 /* Resources */,
			);
			buildRules = (
			);
			dependencies = (
				C91747E019BB791500032079 /* PBXTargetDependency */,
			);
			name = TiValueTests;
			productName = TiValueTests;
			productReference = C91747D219BB791500032079 /* TiValueTests.xctest */;
			productType = "com.apple.product-type.bundle.unit-test";
		};
/* End PBXNativeTarget section */

/* Begin PBXProject section */
		B6DE08B019BB75E5004ECAE6 /* Project object */ = {
			isa = PBXProject;
			attributes = {
				LastUpgradeCheck = 0510;
				ORGANIZATIONNAME = "Pedro Enrique";
				TargetAttributes = {
					C91747D119BB791500032079 = {
						TestTargetID = B6DE08B719BB75E5004ECAE6;
					};
				};
			};
			buildConfigurationList = B6DE08B319BB75E5004ECAE6 /* Build configuration list for PBXProject "TiValue" */;
			compatibilityVersion = "Xcode 3.2";
			developmentRegion = English;
			hasScannedForEncodings = 0;
			knownRegions = (
				en,
			);
			mainGroup = B6DE08AF19BB75E5004ECAE6;
			productRefGroup = B6DE08B919BB75E5004ECAE6 /* Products */;
			projectDirPath = "";
			projectReferences = (
				{
					ProductGroup = C980918A1A1EF08A00AE5930 /* Products */;
					ProjectRef = C98091891A1EF08A00AE5930 /* Util.xcodeproj */;
				},
			);
			projectRoot = "";
			targets = (
				B6DE08B719BB75E5004ECAE6 /* TiValue */,
				C91747D119BB791500032079 /* TiValueTests */,
			);
		};
/* End PBXProject section */

/* Begin PBXReferenceProxy section */
		C980918F1A1EF08A00AE5930 /* libUtil.a */ = {
			isa = PBXReferenceProxy;
			fileType = archive.ar;
			path = libUtil.a;
			remoteRef = C980918E1A1EF08A00AE5930 /* PBXContainerItemProxy */;
			sourceTree = BUILT_PRODUCTS_DIR;
		};
		C98091911A1EF08A00AE5930 /* UtilTests.xctest */ = {
			isa = PBXReferenceProxy;
			fileType = wrapper.cfbundle;
			path = UtilTests.xctest;
			remoteRef = C98091901A1EF08A00AE5930 /* PBXContainerItemProxy */;
			sourceTree = BUILT_PRODUCTS_DIR;
		};
/* End PBXReferenceProxy section */

/* Begin PBXResourcesBuildPhase section */
		C91747D019BB791500032079 /* Resources */ = {
			isa = PBXResourcesBuildPhase;
			buildActionMask = 2147483647;
			files = (
				C91747DB19BB791500032079 /* InfoPlist.strings in Resources */,
			);
			runOnlyForDeploymentPostprocessing = 0;
		};
/* End PBXResourcesBuildPhase section */

/* Begin PBXSourcesBuildPhase section */
		B6DE08B419BB75E5004ECAE6 /* Sources */ = {
			isa = PBXSourcesBuildPhase;
			buildActionMask = 2147483647;
			files = (
				C91747F319BE8DCF00032079 /* main.cpp in Sources */,
				B6DE08D919BB77F4004ECAE6 /* TiRuntime.cpp in Sources */,
				C941452E19DF212600EC5678 /* TiRuntimeFunctions.cpp in Sources */,
				B6DE08D419BB76E8004ECAE6 /* TiValue.cpp in Sources */,
				B6F5254B19BE3E5200CFCD3F /* BaseProxy.cpp in Sources */,
				B6F5254D19BE3E5200CFCD3F /* TiProxy.cpp in Sources */,
				B6F5254519BE3E4100CFCD3F /* ExampleProxy.cpp in Sources */,
				C9A4E61A19F0EB5F00CF25BF /* ProxyCacheManager.cpp in Sources */,
			);
			runOnlyForDeploymentPostprocessing = 0;
		};
		C91747CE19BB791500032079 /* Sources */ = {
			isa = PBXSourcesBuildPhase;
			buildActionMask = 2147483647;
			files = (
				C91747E419BB7A1F00032079 /* TiRuntime.cpp in Sources */,
				C941452F19DF213B00EC5678 /* TiRuntimeFunctions.cpp in Sources */,
				C91747E519BB7A1F00032079 /* TiValue.cpp in Sources */,
				B6F5254C19BE3E5200CFCD3F /* BaseProxy.cpp in Sources */,
				B6F5254E19BE3E5200CFCD3F /* TiProxy.cpp in Sources */,
				B6F5254619BE3E4100CFCD3F /* ExampleProxy.cpp in Sources */,
				C91747DD19BB791500032079 /* TiValueTests.mm in Sources */,
				C9A4E61B19F0EBC600CF25BF /* ProxyCacheManager.cpp in Sources */,
			);
			runOnlyForDeploymentPostprocessing = 0;
		};
/* End PBXSourcesBuildPhase section */

/* Begin PBXTargetDependency section */
		C91747E019BB791500032079 /* PBXTargetDependency */ = {
			isa = PBXTargetDependency;
			target = B6DE08B719BB75E5004ECAE6 /* TiValue */;
			targetProxy = C91747DF19BB791500032079 /* PBXContainerItemProxy */;
		};
		C98091951A1EF0D200AE5930 /* PBXTargetDependency */ = {
			isa = PBXTargetDependency;
			name = Util;
			targetProxy = C98091941A1EF0D200AE5930 /* PBXContainerItemProxy */;
		};
/* End PBXTargetDependency section */

/* Begin PBXVariantGroup section */
		C91747D919BB791500032079 /* InfoPlist.strings */ = {
			isa = PBXVariantGroup;
			children = (
				C91747DA19BB791500032079 /* en */,
			);
			name = InfoPlist.strings;
			sourceTree = "<group>";
		};
/* End PBXVariantGroup section */

/* Begin XCBuildConfiguration section */
		B6DE08BF19BB75E5004ECAE6 /* Debug */ = {
			isa = XCBuildConfiguration;
			buildSettings = {
				ALWAYS_SEARCH_USER_PATHS = NO;
				CLANG_CXX_LANGUAGE_STANDARD = "gnu++0x";
				CLANG_CXX_LIBRARY = "libc++";
				CLANG_ENABLE_MODULES = YES;
				CLANG_ENABLE_OBJC_ARC = YES;
				CLANG_WARN_BOOL_CONVERSION = YES;
				CLANG_WARN_CONSTANT_CONVERSION = YES;
				CLANG_WARN_DIRECT_OBJC_ISA_USAGE = YES_ERROR;
				CLANG_WARN_EMPTY_BODY = YES;
				CLANG_WARN_ENUM_CONVERSION = YES;
				CLANG_WARN_INT_CONVERSION = YES;
				CLANG_WARN_OBJC_ROOT_CLASS = YES_ERROR;
				CLANG_WARN__DUPLICATE_METHOD_MATCH = YES;
				COPY_PHASE_STRIP = NO;
				GCC_C_LANGUAGE_STANDARD = gnu99;
				GCC_DYNAMIC_NO_PIC = NO;
				GCC_ENABLE_OBJC_EXCEPTIONS = YES;
				GCC_OPTIMIZATION_LEVEL = 0;
				GCC_PREPROCESSOR_DEFINITIONS = (
					"DEBUG=1",
					"$(inherited)",
				);
				GCC_SYMBOLS_PRIVATE_EXTERN = NO;
				GCC_WARN_64_TO_32_BIT_CONVERSION = YES;
				GCC_WARN_ABOUT_RETURN_TYPE = YES_ERROR;
				GCC_WARN_UNDECLARED_SELECTOR = YES;
				GCC_WARN_UNINITIALIZED_AUTOS = YES_AGGRESSIVE;
				GCC_WARN_UNUSED_FUNCTION = YES;
				GCC_WARN_UNUSED_VARIABLE = YES;
				MACOSX_DEPLOYMENT_TARGET = 10.9;
				ONLY_ACTIVE_ARCH = YES;
				SDKROOT = macosx;
				USER_HEADER_SEARCH_PATHS = "../../Source/TitaniumPedro ../../Source/Util/include";
			};
			name = Debug;
		};
		B6DE08C019BB75E5004ECAE6 /* Release */ = {
			isa = XCBuildConfiguration;
			buildSettings = {
				ALWAYS_SEARCH_USER_PATHS = NO;
				CLANG_CXX_LANGUAGE_STANDARD = "gnu++0x";
				CLANG_CXX_LIBRARY = "libc++";
				CLANG_ENABLE_MODULES = YES;
				CLANG_ENABLE_OBJC_ARC = YES;
				CLANG_WARN_BOOL_CONVERSION = YES;
				CLANG_WARN_CONSTANT_CONVERSION = YES;
				CLANG_WARN_DIRECT_OBJC_ISA_USAGE = YES_ERROR;
				CLANG_WARN_EMPTY_BODY = YES;
				CLANG_WARN_ENUM_CONVERSION = YES;
				CLANG_WARN_INT_CONVERSION = YES;
				CLANG_WARN_OBJC_ROOT_CLASS = YES_ERROR;
				CLANG_WARN__DUPLICATE_METHOD_MATCH = YES;
				COPY_PHASE_STRIP = YES;
				DEBUG_INFORMATION_FORMAT = "dwarf-with-dsym";
				ENABLE_NS_ASSERTIONS = NO;
				GCC_C_LANGUAGE_STANDARD = gnu99;
				GCC_ENABLE_OBJC_EXCEPTIONS = YES;
				GCC_WARN_64_TO_32_BIT_CONVERSION = YES;
				GCC_WARN_ABOUT_RETURN_TYPE = YES_ERROR;
				GCC_WARN_UNDECLARED_SELECTOR = YES;
				GCC_WARN_UNINITIALIZED_AUTOS = YES_AGGRESSIVE;
				GCC_WARN_UNUSED_FUNCTION = YES;
				GCC_WARN_UNUSED_VARIABLE = YES;
				MACOSX_DEPLOYMENT_TARGET = 10.9;
				SDKROOT = macosx;
				USER_HEADER_SEARCH_PATHS = "../../Source/TitaniumPedro ../../Source/Util/include";
			};
			name = Release;
		};
		B6DE08C219BB75E5004ECAE6 /* Debug */ = {
			isa = XCBuildConfiguration;
			buildSettings = {
				PRODUCT_NAME = "$(TARGET_NAME)";
			};
			name = Debug;
		};
		B6DE08C319BB75E5004ECAE6 /* Release */ = {
			isa = XCBuildConfiguration;
			buildSettings = {
				PRODUCT_NAME = "$(TARGET_NAME)";
			};
			name = Release;
		};
		C91747E119BB791500032079 /* Debug */ = {
			isa = XCBuildConfiguration;
			buildSettings = {
				FRAMEWORK_SEARCH_PATHS = (
					"$(DEVELOPER_FRAMEWORKS_DIR)",
					"$(inherited)",
				);
				GCC_PRECOMPILE_PREFIX_HEADER = YES;
				GCC_PREFIX_HEADER = "TiValueTests/TiValueTests-Prefix.pch";
				GCC_PREPROCESSOR_DEFINITIONS = (
					"DEBUG=1",
					"$(inherited)",
				);
				INFOPLIST_FILE = "TiValueTests/TiValueTests-Info.plist";
				PRODUCT_NAME = "$(TARGET_NAME)";
				WRAPPER_EXTENSION = xctest;
			};
			name = Debug;
		};
		C91747E219BB791500032079 /* Release */ = {
			isa = XCBuildConfiguration;
			buildSettings = {
				FRAMEWORK_SEARCH_PATHS = (
					"$(DEVELOPER_FRAMEWORKS_DIR)",
					"$(inherited)",
				);
				GCC_PRECOMPILE_PREFIX_HEADER = YES;
				GCC_PREFIX_HEADER = "TiValueTests/TiValueTests-Prefix.pch";
				INFOPLIST_FILE = "TiValueTests/TiValueTests-Info.plist";
				PRODUCT_NAME = "$(TARGET_NAME)";
				WRAPPER_EXTENSION = xctest;
			};
			name = Release;
		};
/* End XCBuildConfiguration section */

/* Begin XCConfigurationList section */
		B6DE08B319BB75E5004ECAE6 /* Build configuration list for PBXProject "TiValue" */ = {
			isa = XCConfigurationList;
			buildConfigurations = (
				B6DE08BF19BB75E5004ECAE6 /* Debug */,
				B6DE08C019BB75E5004ECAE6 /* Release */,
			);
			defaultConfigurationIsVisible = 0;
			defaultConfigurationName = Release;
		};
		B6DE08C119BB75E5004ECAE6 /* Build configuration list for PBXNativeTarget "TiValue" */ = {
			isa = XCConfigurationList;
			buildConfigurations = (
				B6DE08C219BB75E5004ECAE6 /* Debug */,
				B6DE08C319BB75E5004ECAE6 /* Release */,
			);
			defaultConfigurationIsVisible = 0;
			defaultConfigurationName = Release;
		};
		C91747E319BB791500032079 /* Build configuration list for PBXNativeTarget "TiValueTests" */ = {
			isa = XCConfigurationList;
			buildConfigurations = (
				C91747E119BB791500032079 /* Debug */,
				C91747E219BB791500032079 /* Release */,
			);
			defaultConfigurationIsVisible = 0;
			defaultConfigurationName = Release;
		};
/* End XCConfigurationList section */
	};
	rootObject = B6DE08B019BB75E5004ECAE6 /* Project object */;
}
