{
	"name": "ti_win_yaml",
	"version": "0.0.1",
	"lockfileVersion": 1,
	"requires": true,
	"dependencies": {
		"forEachAsync": {
			"version": "2.2.1",
			"resolved": "https://registry.npmjs.org/forEachAsync/-/forEachAsync-2.2.1.tgz",
			"integrity": "sha1-43I/AJA5EOHrSx2zrVG1xkoxn+w=",
			"requires": {
				"sequence": "2.2.1"
			}
		},
		"fs-extra": {
			"version": "0.6.4",
			"resolved": "https://registry.npmjs.org/fs-extra/-/fs-extra-0.6.4.tgz",
			"integrity": "sha1-9G8MdbeEH40gCzNIzU1pHVoJnRU=",
			"requires": {
				"jsonfile": "1.0.1",
				"mkdirp": "0.3.5",
				"ncp": "0.4.2",
				"rimraf": "2.2.8"
			}
		},
		"fs.extra": {
			"version": "1.2.1",
			"resolved": "https://registry.npmjs.org/fs.extra/-/fs.extra-1.2.1.tgz",
			"integrity": "sha1-BgvyAmTzXjmtJH5enSEhoqdaFzM=",
			"requires": {
				"fs-extra": "0.6.4",
				"mkdirp": "0.3.5",
				"walk": "2.2.1"
			}
		},
		"jsonfile": {
			"version": "1.0.1",
			"resolved": "https://registry.npmjs.org/jsonfile/-/jsonfile-1.0.1.tgz",
			"integrity": "sha1-6l7+QLg2kLmGZ2FKc5L8YOhCwN0="
		},
		"line-by-line": {
			"version": "0.1.6",
			"resolved": "https://registry.npmjs.org/line-by-line/-/line-by-line-0.1.6.tgz",
			"integrity": "sha512-MmwVPfOyp0lWnEZ3fBA8Ah4pMFvxO6WgWovqZNu7Y4J0TNnGcsV4S1LzECHbdgqk1hoHc2mFP1Axc37YUqwafg=="
		},
		"mkdirp": {
			"version": "0.3.5",
			"resolved": "https://registry.npmjs.org/mkdirp/-/mkdirp-0.3.5.tgz",
			"integrity": "sha1-3j5fiWHIjHh+4TaN+EmsRBPsqNc="
		},
		"ncp": {
			"version": "0.4.2",
			"resolved": "https://registry.npmjs.org/ncp/-/ncp-0.4.2.tgz",
			"integrity": "sha1-q8xsvT7C7Spyn/bnwfqPAXhKhXQ="
		},
		"path": {
			"version": "0.11.14",
			"resolved": "https://registry.npmjs.org/path/-/path-0.11.14.tgz",
			"integrity": "sha1-y8dWk1XLPIOv60rOQ+z/lSMeWn0="
		},
		"rimraf": {
			"version": "2.2.8",
			"resolved": "https://registry.npmjs.org/rimraf/-/rimraf-2.2.8.tgz",
			"integrity": "sha1-5Dm+Kq7jJzIZUnMPmaiSnk/FBYI="
		},
		"sequence": {
			"version": "2.2.1",
			"resolved": "https://registry.npmjs.org/sequence/-/sequence-2.2.1.tgz",
			"integrity": "sha1-f1YXiV1ENRwKBH52RGdpBJChawM="
		},
		"underscore": {
			"version": "1.8.3",
			"resolved": "https://registry.npmjs.org/underscore/-/underscore-1.8.3.tgz",
			"integrity": "sha1-Tz+1OxBuYJf8+ctBCfKl6b36UCI="
		},
		"walk": {
			"version": "2.2.1",
			"resolved": "https://registry.npmjs.org/walk/-/walk-2.2.1.tgz",
			"integrity": "sha1-WtofjknkfUt0Rdi+ei4eYxq0MBY=",
			"requires": {
				"forEachAsync": "2.2.1"
			}
		}
	}
}
