// !$*UTF8*$!
{
	archiveVersion = 1;
	classes = {
	};
	objectVersion = 46;
	objects = {

/* Begin PBXBuildFile section */
		C90950821A291EB5002133E1 /* Animation.hpp in Headers */ = {isa = PBXBuildFile; fileRef = C90950801A291EB5002133E1 /* Animation.hpp */; };
		C90950831A291EB5002133E1 /* Animation.cpp in Sources */ = {isa = PBXBuildFile; fileRef = C90950811A291EB5002133E1 /* Animation.cpp */; };
		C909508B1A292CEF002133E1 /* TextArea.cpp in Sources */ = {isa = PBXBuildFile; fileRef = C909508A1A292CEF002133E1 /* TextArea.cpp */; };
		C909508D1A292CFA002133E1 /* TextArea.hpp in Headers */ = {isa = PBXBuildFile; fileRef = C909508C1A292CFA002133E1 /* TextArea.hpp */; };
		C909508F1A29478A002133E1 /* Constants.cpp in Sources */ = {isa = PBXBuildFile; fileRef = C909508E1A29478A002133E1 /* Constants.cpp */; };
		C90950921A2951A7002133E1 /* Gesture.hpp in Headers */ = {isa = PBXBuildFile; fileRef = C90950901A2951A7002133E1 /* Gesture.hpp */; };
		C90950931A2951A7002133E1 /* Gesture.cpp in Sources */ = {isa = PBXBuildFile; fileRef = C90950911A2951A7002133E1 /* Gesture.cpp */; };
		C90950961A2954B3002133E1 /* TextField.hpp in Headers */ = {isa = PBXBuildFile; fileRef = C90950941A2954B3002133E1 /* TextField.hpp */; };
		C90950971A2954B3002133E1 /* TextField.cpp in Sources */ = {isa = PBXBuildFile; fileRef = C90950951A2954B3002133E1 /* TextField.cpp */; };
		C909509A1A296170002133E1 /* ListItem.hpp in Headers */ = {isa = PBXBuildFile; fileRef = C90950981A296170002133E1 /* ListItem.hpp */; };
		C909509B1A296170002133E1 /* ListItem.cpp in Sources */ = {isa = PBXBuildFile; fileRef = C90950991A296170002133E1 /* ListItem.cpp */; };
		C909509E1A2963F3002133E1 /* ListView.hpp in Headers */ = {isa = PBXBuildFile; fileRef = C909509C1A2963F3002133E1 /* ListView.hpp */; };
		C909509F1A2963F3002133E1 /* ListView.cpp in Sources */ = {isa = PBXBuildFile; fileRef = C909509D1A2963F3002133E1 /* ListView.cpp */; };
		C90950A21A296802002133E1 /* Picker.hpp in Headers */ = {isa = PBXBuildFile; fileRef = C90950A01A296802002133E1 /* Picker.hpp */; };
		C90950A31A296802002133E1 /* Picker.cpp in Sources */ = {isa = PBXBuildFile; fileRef = C90950A11A296802002133E1 /* Picker.cpp */; };
		C90950A61A297E03002133E1 /* WebView.hpp in Headers */ = {isa = PBXBuildFile; fileRef = C90950A41A297E03002133E1 /* WebView.hpp */; };
		C90950A71A297E03002133E1 /* WebView.cpp in Sources */ = {isa = PBXBuildFile; fileRef = C90950A51A297E03002133E1 /* WebView.cpp */; };
		C90950AA1A2A20C1002133E1 /* WebViewErrorEvent.hpp in Headers */ = {isa = PBXBuildFile; fileRef = C90950A81A2A20C1002133E1 /* WebViewErrorEvent.hpp */; };
		C90950AB1A2A20C1002133E1 /* WebViewErrorEvent.cpp in Sources */ = {isa = PBXBuildFile; fileRef = C90950A91A2A20C1002133E1 /* WebViewErrorEvent.cpp */; };
		C90B8F851A166496005F3210 /* ModuleTests.mm in Sources */ = {isa = PBXBuildFile; fileRef = C90B8F841A166496005F3210 /* ModuleTests.mm */; };
		C90B8F881A167E36005F3210 /* Module.cpp in Sources */ = {isa = PBXBuildFile; fileRef = C90B8F871A167E36005F3210 /* Module.cpp */; };
		C90B8F8F1A16D346005F3210 /* View.cpp in Sources */ = {isa = PBXBuildFile; fileRef = C90B8F8D1A16D346005F3210 /* View.cpp */; };
		C90B8F901A16D346005F3210 /* View.hpp in Headers */ = {isa = PBXBuildFile; fileRef = C90B8F8E1A16D346005F3210 /* View.hpp */; };
		C90B8F931A16D83F005F3210 /* Window.cpp in Sources */ = {isa = PBXBuildFile; fileRef = C90B8F911A16D83F005F3210 /* Window.cpp */; };
		C90B8F941A16D83F005F3210 /* Window.hpp in Headers */ = {isa = PBXBuildFile; fileRef = C90B8F921A16D83F005F3210 /* Window.hpp */; };
		C90B8F971A16DBAD005F3210 /* Button.cpp in Sources */ = {isa = PBXBuildFile; fileRef = C90B8F951A16DBAD005F3210 /* Button.cpp */; };
		C90B8F981A16DBAD005F3210 /* Button.hpp in Headers */ = {isa = PBXBuildFile; fileRef = C90B8F961A16DBAD005F3210 /* Button.hpp */; };
		C90B8F9B1A16DDB0005F3210 /* UIModule.cpp in Sources */ = {isa = PBXBuildFile; fileRef = C90B8F991A16DDB0005F3210 /* UIModule.cpp */; };
		C90B8F9C1A16DDB0005F3210 /* UIModule.hpp in Headers */ = {isa = PBXBuildFile; fileRef = C90B8F9A1A16DDB0005F3210 /* UIModule.hpp */; };
		C90B8FD31A17CB1C005F3210 /* API.cpp in Sources */ = {isa = PBXBuildFile; fileRef = C90B8FD11A17CB1C005F3210 /* API.cpp */; };
		C90B8FD41A17CB1C005F3210 /* API.hpp in Headers */ = {isa = PBXBuildFile; fileRef = C90B8FD21A17CB1C005F3210 /* API.hpp */; };
		C90B8FD71A17CC39005F3210 /* APITests.mm in Sources */ = {isa = PBXBuildFile; fileRef = C90B8FD61A17CC39005F3210 /* APITests.mm */; };
		C90B8FDA1A17DCF5005F3210 /* UITests.mm in Sources */ = {isa = PBXBuildFile; fileRef = C90B8FD91A17DCF5005F3210 /* UITests.mm */; };
		C90B8FE21A1935F4005F3210 /* ViewTests.mm in Sources */ = {isa = PBXBuildFile; fileRef = C90B8FE11A1935F4005F3210 /* ViewTests.mm */; };
		C90B8FE41A193EC9005F3210 /* WindowTests.mm in Sources */ = {isa = PBXBuildFile; fileRef = C90B8FE31A193EC9005F3210 /* WindowTests.mm */; };
		C90B8FE61A193F58005F3210 /* ButtonTests.mm in Sources */ = {isa = PBXBuildFile; fileRef = C90B8FE51A193F58005F3210 /* ButtonTests.mm */; };
		C90B8FF91A195BDA005F3210 /* NativeButtonExample.cpp in Sources */ = {isa = PBXBuildFile; fileRef = C90B8FF11A195BDA005F3210 /* NativeButtonExample.cpp */; };
		C90B8FFA1A195BDA005F3210 /* NativeWindowExample.cpp in Sources */ = {isa = PBXBuildFile; fileRef = C90B8FF31A195BDA005F3210 /* NativeWindowExample.cpp */; };
		C90B8FFB1A195BDA005F3210 /* ng.js in Resources */ = {isa = PBXBuildFile; fileRef = C90B8FF41A195BDA005F3210 /* ng.js */; };
		C90B8FFC1A195BDA005F3210 /* NativeAPIExample.cpp in Sources */ = {isa = PBXBuildFile; fileRef = C90B8FF51A195BDA005F3210 /* NativeAPIExample.cpp */; };
		C90B8FFD1A195BDA005F3210 /* NativeGlobalObjectExample.cpp in Sources */ = {isa = PBXBuildFile; fileRef = C90B8FF81A195BDA005F3210 /* NativeGlobalObjectExample.cpp */; };
		C90B90081A19804D005F3210 /* Application.cpp in Sources */ = {isa = PBXBuildFile; fileRef = C90B90061A19804D005F3210 /* Application.cpp */; };
		C90B90091A19804D005F3210 /* Application.hpp in Headers */ = {isa = PBXBuildFile; fileRef = C90B90071A19804D005F3210 /* Application.hpp */; };
		C90B900C1A198370005F3210 /* ApplicationBuilder.cpp in Sources */ = {isa = PBXBuildFile; fileRef = C90B900A1A198370005F3210 /* ApplicationBuilder.cpp */; };
		C90B900D1A198370005F3210 /* ApplicationBuilder.hpp in Headers */ = {isa = PBXBuildFile; fileRef = C90B900B1A198370005F3210 /* ApplicationBuilder.hpp */; };
		C90B900F1A198976005F3210 /* ApplicationTests.mm in Sources */ = {isa = PBXBuildFile; fileRef = C90B900E1A198976005F3210 /* ApplicationTests.mm */; };
		C90B90121A1ADC7D005F3210 /* NativeViewExample.cpp in Sources */ = {isa = PBXBuildFile; fileRef = C90B90101A1ADC7D005F3210 /* NativeViewExample.cpp */; };
		C90B90131A1ADC7D005F3210 /* NativeViewExample.hpp in Headers */ = {isa = PBXBuildFile; fileRef = C90B90111A1ADC7D005F3210 /* NativeViewExample.hpp */; };
		C974545B1A02A2E500CB4CA9 /* Module.hpp in Headers */ = {isa = PBXBuildFile; fileRef = C97454581A02A2E500CB4CA9 /* Module.hpp */; settings = {ATTRIBUTES = (Public, ); }; };
		C974545C1A02A2E500CB4CA9 /* GlobalObject.hpp in Headers */ = {isa = PBXBuildFile; fileRef = C97454591A02A2E500CB4CA9 /* GlobalObject.hpp */; settings = {ATTRIBUTES = (Public, ); }; };
		C980919B1A2149A300AE5930 /* TitaniumKit_EXPORT.h in Headers */ = {isa = PBXBuildFile; fileRef = C980919A1A2149A300AE5930 /* TitaniumKit_EXPORT.h */; };
		C98091A11A238DC500AE5930 /* Dimension.hpp in Headers */ = {isa = PBXBuildFile; fileRef = C980919F1A238DC500AE5930 /* Dimension.hpp */; };
		C98091A21A238DC500AE5930 /* Dimension.cpp in Sources */ = {isa = PBXBuildFile; fileRef = C98091A01A238DC500AE5930 /* Dimension.cpp */; };
		C9BED2201A27B14200CFF800 /* NativeModuleExample.cpp in Sources */ = {isa = PBXBuildFile; fileRef = C9BED21E1A27B14200CFF800 /* NativeModuleExample.cpp */; };
		C9BED2211A27B14200CFF800 /* NativeModuleExample.hpp in Headers */ = {isa = PBXBuildFile; fileRef = C9BED21F1A27B14200CFF800 /* NativeModuleExample.hpp */; };
		C9BED2261A28F4CD00CFF800 /* Constants.hpp in Headers */ = {isa = PBXBuildFile; fileRef = C9BED2251A28F4CD00CFF800 /* Constants.hpp */; };
		C9E6AFB81A13043300FED053 /* Titanium.hpp in Headers */ = {isa = PBXBuildFile; fileRef = C9E6AFB71A13043300FED053 /* Titanium.hpp */; settings = {ATTRIBUTES = (Public, ); }; };
		C9E6AFBA1A13044100FED053 /* TiLoggerTests.mm in Sources */ = {isa = PBXBuildFile; fileRef = C9E6AFB91A13044100FED053 /* TiLoggerTests.mm */; };
		C9E6AFDA1A13E25E00FED053 /* libJavaScriptCoreCPP.a in Frameworks */ = {isa = PBXBuildFile; fileRef = C9E6AFD51A13E23300FED053 /* libJavaScriptCoreCPP.a */; };
		C9E6AFE21A13F73A00FED053 /* libTitanium.a in Frameworks */ = {isa = PBXBuildFile; fileRef = C97454491A02A2B000CB4CA9 /* libTitanium.a */; };
		C9E6AFE31A13F74100FED053 /* libJavaScriptCoreCPP.a in Frameworks */ = {isa = PBXBuildFile; fileRef = C9E6AFD51A13E23300FED053 /* libJavaScriptCoreCPP.a */; };
		C9E6AFE41A13F74B00FED053 /* JavaScriptCore.framework in Frameworks */ = {isa = PBXBuildFile; fileRef = C97454761A02B1E100CB4CA9 /* JavaScriptCore.framework */; };
		C9E6AFE61A13F93800FED053 /* GlobalObject.cpp in Sources */ = {isa = PBXBuildFile; fileRef = C9E6AFCD1A13DF3000FED053 /* GlobalObject.cpp */; };
		C9E6AFE71A13F93F00FED053 /* TiBase.hpp in Headers */ = {isa = PBXBuildFile; fileRef = C9E6AFBC1A13D36500FED053 /* TiBase.hpp */; };
		C9E6AFE81A13F94200FED053 /* TiBase.cpp in Sources */ = {isa = PBXBuildFile; fileRef = C9E6AFC61A13D37900FED053 /* TiBase.cpp */; };
		C9E6AFE91A13F94500FED053 /* HashUtilities.hpp in Headers */ = {isa = PBXBuildFile; fileRef = C9E6AFBD1A13D36500FED053 /* HashUtilities.hpp */; };
		C9E6AFEA1A13F94900FED053 /* TiUtil.hpp in Headers */ = {isa = PBXBuildFile; fileRef = C9E6AFBE1A13D36500FED053 /* TiUtil.hpp */; };
		C9E6AFEB1A13F94C00FED053 /* TiUtil.cpp in Sources */ = {isa = PBXBuildFile; fileRef = C9E6AFC41A13D37900FED053 /* TiUtil.cpp */; };
		C9E6AFEC1A13F95300FED053 /* TiLogger.hpp in Headers */ = {isa = PBXBuildFile; fileRef = C9E6AFC31A13D36500FED053 /* TiLogger.hpp */; };
		C9E6AFED1A13F95500FED053 /* TiLoggerPolicyInterface.hpp in Headers */ = {isa = PBXBuildFile; fileRef = C9E6AFBF1A13D36500FED053 /* TiLoggerPolicyInterface.hpp */; };
		C9E6AFEE1A13F95900FED053 /* TiLoggerPolicyConsole.hpp in Headers */ = {isa = PBXBuildFile; fileRef = C9E6AFC11A13D36500FED053 /* TiLoggerPolicyConsole.hpp */; };
		C9E6AFEF1A13F95D00FED053 /* TiLoggerPolicyFile.hpp in Headers */ = {isa = PBXBuildFile; fileRef = C9E6AFC01A13D36500FED053 /* TiLoggerPolicyFile.hpp */; };
		C9E6AFF01A13F96000FED053 /* TiLoggerPimpl.hpp in Headers */ = {isa = PBXBuildFile; fileRef = C9E6AFC21A13D36500FED053 /* TiLoggerPimpl.hpp */; };
		C9E6AFF11A13F96400FED053 /* TiLoggerPimpl.cpp in Sources */ = {isa = PBXBuildFile; fileRef = C9E6AFC51A13D37900FED053 /* TiLoggerPimpl.cpp */; };
		C9E6AFF61A158AD000FED053 /* GlobalObjectTests.mm in Sources */ = {isa = PBXBuildFile; fileRef = C9E6AFF51A158AD000FED053 /* GlobalObjectTests.mm */; };
		F96BCABD1A25CE4C00745C3B /* Platform.hpp in Headers */ = {isa = PBXBuildFile; fileRef = F96BCABC1A25CE4C00745C3B /* Platform.hpp */; };
		F96BCAC01A25CE6100745C3B /* Platform.cpp in Sources */ = {isa = PBXBuildFile; fileRef = F96BCABF1A25CE6100745C3B /* Platform.cpp */; };
		F96BCAC31A25CEB000745C3B /* NativePlatformExample.cpp in Sources */ = {isa = PBXBuildFile; fileRef = F96BCAC11A25CEB000745C3B /* NativePlatformExample.cpp */; };
		F96BCAC41A25CEB000745C3B /* NativePlatformExample.hpp in Headers */ = {isa = PBXBuildFile; fileRef = F96BCAC21A25CEB000745C3B /* NativePlatformExample.hpp */; };
		F9B177951A2C46F100ECE602 /* Accelerometer.hpp in Headers */ = {isa = PBXBuildFile; fileRef = F9B177941A2C46F100ECE602 /* Accelerometer.hpp */; };
		F9B177981A2C46FB00ECE602 /* Accelerometer.cpp in Sources */ = {isa = PBXBuildFile; fileRef = F9B177971A2C46FB00ECE602 /* Accelerometer.cpp */; };
/* End PBXBuildFile section */

/* Begin PBXContainerItemProxy section */
		C9E6AFD41A13E23300FED053 /* PBXContainerItemProxy */ = {
			isa = PBXContainerItemProxy;
			containerPortal = C9E6AFCF1A13E23300FED053 /* JavaScriptCoreCPP.xcodeproj */;
			proxyType = 2;
			remoteGlobalIDString = C936FD3119CB95BE0082CB08;
			remoteInfo = JavaScriptCoreCPP;
		};
		C9E6AFD61A13E23300FED053 /* PBXContainerItemProxy */ = {
			isa = PBXContainerItemProxy;
			containerPortal = C9E6AFCF1A13E23300FED053 /* JavaScriptCoreCPP.xcodeproj */;
			proxyType = 2;
			remoteGlobalIDString = C936FD4D19CB961A0082CB08;
			remoteInfo = JavaScriptCoreCPPTests;
		};
		C9E6AFD81A13E25800FED053 /* PBXContainerItemProxy */ = {
			isa = PBXContainerItemProxy;
			containerPortal = C9E6AFCF1A13E23300FED053 /* JavaScriptCoreCPP.xcodeproj */;
			proxyType = 1;
			remoteGlobalIDString = C936FD3019CB95BE0082CB08;
			remoteInfo = JavaScriptCoreCPP;
		};
		C9E6AFE01A13F73400FED053 /* PBXContainerItemProxy */ = {
			isa = PBXContainerItemProxy;
			containerPortal = C97454411A02A2B000CB4CA9 /* Project object */;
			proxyType = 1;
			remoteGlobalIDString = C97454481A02A2B000CB4CA9;
			remoteInfo = Titanium;
		};
/* End PBXContainerItemProxy section */

/* Begin PBXFileReference section */
		C90950801A291EB5002133E1 /* Animation.hpp */ = {isa = PBXFileReference; fileEncoding = 4; lastKnownFileType = sourcecode.cpp.h; name = Animation.hpp; path = include/Titanium/UI/Animation.hpp; sourceTree = "<group>"; };
		C90950811A291EB5002133E1 /* Animation.cpp */ = {isa = PBXFileReference; fileEncoding = 4; lastKnownFileType = sourcecode.cpp.cpp; name = Animation.cpp; path = src/UI/Animation.cpp; sourceTree = "<group>"; };
		C909508A1A292CEF002133E1 /* TextArea.cpp */ = {isa = PBXFileReference; fileEncoding = 4; lastKnownFileType = sourcecode.cpp.cpp; name = TextArea.cpp; path = src/UI/TextArea.cpp; sourceTree = "<group>"; };
		C909508C1A292CFA002133E1 /* TextArea.hpp */ = {isa = PBXFileReference; fileEncoding = 4; lastKnownFileType = sourcecode.cpp.h; name = TextArea.hpp; path = include/Titanium/UI/TextArea.hpp; sourceTree = "<group>"; };
		C909508E1A29478A002133E1 /* Constants.cpp */ = {isa = PBXFileReference; fileEncoding = 4; lastKnownFileType = sourcecode.cpp.cpp; name = Constants.cpp; path = src/UI/Constants.cpp; sourceTree = "<group>"; };
		C90950901A2951A7002133E1 /* Gesture.hpp */ = {isa = PBXFileReference; fileEncoding = 4; lastKnownFileType = sourcecode.cpp.h; name = Gesture.hpp; path = include/Titanium/Gesture.hpp; sourceTree = "<group>"; };
		C90950911A2951A7002133E1 /* Gesture.cpp */ = {isa = PBXFileReference; fileEncoding = 4; lastKnownFileType = sourcecode.cpp.cpp; name = Gesture.cpp; path = src/Gesture.cpp; sourceTree = "<group>"; };
		C90950941A2954B3002133E1 /* TextField.hpp */ = {isa = PBXFileReference; fileEncoding = 4; lastKnownFileType = sourcecode.cpp.h; name = TextField.hpp; path = include/Titanium/UI/TextField.hpp; sourceTree = "<group>"; };
		C90950951A2954B3002133E1 /* TextField.cpp */ = {isa = PBXFileReference; fileEncoding = 4; lastKnownFileType = sourcecode.cpp.cpp; name = TextField.cpp; path = src/UI/TextField.cpp; sourceTree = "<group>"; };
		C90950981A296170002133E1 /* ListItem.hpp */ = {isa = PBXFileReference; fileEncoding = 4; lastKnownFileType = sourcecode.cpp.h; name = ListItem.hpp; path = include/Titanium/UI/ListItem.hpp; sourceTree = "<group>"; };
		C90950991A296170002133E1 /* ListItem.cpp */ = {isa = PBXFileReference; fileEncoding = 4; lastKnownFileType = sourcecode.cpp.cpp; name = ListItem.cpp; path = src/UI/ListItem.cpp; sourceTree = "<group>"; };
		C909509C1A2963F3002133E1 /* ListView.hpp */ = {isa = PBXFileReference; fileEncoding = 4; lastKnownFileType = sourcecode.cpp.h; name = ListView.hpp; path = include/Titanium/UI/ListView.hpp; sourceTree = "<group>"; };
		C909509D1A2963F3002133E1 /* ListView.cpp */ = {isa = PBXFileReference; fileEncoding = 4; lastKnownFileType = sourcecode.cpp.cpp; name = ListView.cpp; path = src/UI/ListView.cpp; sourceTree = "<group>"; };
		C90950A01A296802002133E1 /* Picker.hpp */ = {isa = PBXFileReference; fileEncoding = 4; lastKnownFileType = sourcecode.cpp.h; name = Picker.hpp; path = include/Titanium/UI/Picker.hpp; sourceTree = "<group>"; };
		C90950A11A296802002133E1 /* Picker.cpp */ = {isa = PBXFileReference; fileEncoding = 4; lastKnownFileType = sourcecode.cpp.cpp; name = Picker.cpp; path = src/UI/Picker.cpp; sourceTree = "<group>"; };
		C90950A41A297E03002133E1 /* WebView.hpp */ = {isa = PBXFileReference; fileEncoding = 4; lastKnownFileType = sourcecode.cpp.h; name = WebView.hpp; path = include/Titanium/UI/WebView.hpp; sourceTree = "<group>"; };
		C90950A51A297E03002133E1 /* WebView.cpp */ = {isa = PBXFileReference; fileEncoding = 4; lastKnownFileType = sourcecode.cpp.cpp; name = WebView.cpp; path = src/UI/WebView.cpp; sourceTree = "<group>"; };
		C90950A81A2A20C1002133E1 /* WebViewErrorEvent.hpp */ = {isa = PBXFileReference; fileEncoding = 4; lastKnownFileType = sourcecode.cpp.h; name = WebViewErrorEvent.hpp; path = include/Titanium/UI/WebViewErrorEvent.hpp; sourceTree = "<group>"; };
		C90950A91A2A20C1002133E1 /* WebViewErrorEvent.cpp */ = {isa = PBXFileReference; fileEncoding = 4; lastKnownFileType = sourcecode.cpp.cpp; name = WebViewErrorEvent.cpp; path = src/UI/WebViewErrorEvent.cpp; sourceTree = "<group>"; };
		C90B8F841A166496005F3210 /* ModuleTests.mm */ = {isa = PBXFileReference; fileEncoding = 4; lastKnownFileType = sourcecode.cpp.objcpp; path = ModuleTests.mm; sourceTree = "<group>"; };
		C90B8F871A167E36005F3210 /* Module.cpp */ = {isa = PBXFileReference; fileEncoding = 4; lastKnownFileType = sourcecode.cpp.cpp; name = Module.cpp; path = src/Module.cpp; sourceTree = "<group>"; };
		C90B8F8D1A16D346005F3210 /* View.cpp */ = {isa = PBXFileReference; fileEncoding = 4; lastKnownFileType = sourcecode.cpp.cpp; name = View.cpp; path = src/UI/View.cpp; sourceTree = "<group>"; };
		C90B8F8E1A16D346005F3210 /* View.hpp */ = {isa = PBXFileReference; fileEncoding = 4; lastKnownFileType = sourcecode.cpp.h; name = View.hpp; path = include/Titanium/UI/View.hpp; sourceTree = "<group>"; };
		C90B8F911A16D83F005F3210 /* Window.cpp */ = {isa = PBXFileReference; fileEncoding = 4; lastKnownFileType = sourcecode.cpp.cpp; name = Window.cpp; path = src/UI/Window.cpp; sourceTree = "<group>"; };
		C90B8F921A16D83F005F3210 /* Window.hpp */ = {isa = PBXFileReference; fileEncoding = 4; lastKnownFileType = sourcecode.cpp.h; name = Window.hpp; path = include/Titanium/UI/Window.hpp; sourceTree = "<group>"; };
		C90B8F951A16DBAD005F3210 /* Button.cpp */ = {isa = PBXFileReference; fileEncoding = 4; lastKnownFileType = sourcecode.cpp.cpp; name = Button.cpp; path = src/UI/Button.cpp; sourceTree = "<group>"; };
		C90B8F961A16DBAD005F3210 /* Button.hpp */ = {isa = PBXFileReference; fileEncoding = 4; lastKnownFileType = sourcecode.cpp.h; name = Button.hpp; path = include/Titanium/UI/Button.hpp; sourceTree = "<group>"; };
		C90B8F991A16DDB0005F3210 /* UIModule.cpp */ = {isa = PBXFileReference; fileEncoding = 4; lastKnownFileType = sourcecode.cpp.cpp; name = UIModule.cpp; path = src/UIModule.cpp; sourceTree = "<group>"; };
		C90B8F9A1A16DDB0005F3210 /* UIModule.hpp */ = {isa = PBXFileReference; fileEncoding = 4; lastKnownFileType = sourcecode.cpp.h; name = UIModule.hpp; path = include/Titanium/UIModule.hpp; sourceTree = "<group>"; };
		C90B8FD11A17CB1C005F3210 /* API.cpp */ = {isa = PBXFileReference; fileEncoding = 4; lastKnownFileType = sourcecode.cpp.cpp; name = API.cpp; path = src/API.cpp; sourceTree = "<group>"; };
		C90B8FD21A17CB1C005F3210 /* API.hpp */ = {isa = PBXFileReference; fileEncoding = 4; lastKnownFileType = sourcecode.cpp.h; name = API.hpp; path = include/Titanium/API.hpp; sourceTree = "<group>"; };
		C90B8FD61A17CC39005F3210 /* APITests.mm */ = {isa = PBXFileReference; fileEncoding = 4; lastKnownFileType = sourcecode.cpp.objcpp; path = APITests.mm; sourceTree = "<group>"; };
		C90B8FD91A17DCF5005F3210 /* UITests.mm */ = {isa = PBXFileReference; fileEncoding = 4; lastKnownFileType = sourcecode.cpp.objcpp; path = UITests.mm; sourceTree = "<group>"; };
		C90B8FE11A1935F4005F3210 /* ViewTests.mm */ = {isa = PBXFileReference; fileEncoding = 4; lastKnownFileType = sourcecode.cpp.objcpp; path = ViewTests.mm; sourceTree = "<group>"; };
		C90B8FE31A193EC9005F3210 /* WindowTests.mm */ = {isa = PBXFileReference; fileEncoding = 4; lastKnownFileType = sourcecode.cpp.objcpp; path = WindowTests.mm; sourceTree = "<group>"; };
		C90B8FE51A193F58005F3210 /* ButtonTests.mm */ = {isa = PBXFileReference; fileEncoding = 4; lastKnownFileType = sourcecode.cpp.objcpp; path = ButtonTests.mm; sourceTree = "<group>"; };
		C90B8FF01A195BDA005F3210 /* NativeWindowExample.hpp */ = {isa = PBXFileReference; fileEncoding = 4; lastKnownFileType = sourcecode.cpp.h; path = NativeWindowExample.hpp; sourceTree = "<group>"; };
		C90B8FF11A195BDA005F3210 /* NativeButtonExample.cpp */ = {isa = PBXFileReference; fileEncoding = 4; lastKnownFileType = sourcecode.cpp.cpp; path = NativeButtonExample.cpp; sourceTree = "<group>"; };
		C90B8FF21A195BDA005F3210 /* NativeButtonExample.hpp */ = {isa = PBXFileReference; fileEncoding = 4; lastKnownFileType = sourcecode.cpp.h; path = NativeButtonExample.hpp; sourceTree = "<group>"; };
		C90B8FF31A195BDA005F3210 /* NativeWindowExample.cpp */ = {isa = PBXFileReference; fileEncoding = 4; lastKnownFileType = sourcecode.cpp.cpp; path = NativeWindowExample.cpp; sourceTree = "<group>"; };
		C90B8FF41A195BDA005F3210 /* ng.js */ = {isa = PBXFileReference; fileEncoding = 4; lastKnownFileType = sourcecode.javascript; path = ng.js; sourceTree = "<group>"; };
		C90B8FF51A195BDA005F3210 /* NativeAPIExample.cpp */ = {isa = PBXFileReference; fileEncoding = 4; lastKnownFileType = sourcecode.cpp.cpp; path = NativeAPIExample.cpp; sourceTree = "<group>"; };
		C90B8FF61A195BDA005F3210 /* NativeAPIExample.hpp */ = {isa = PBXFileReference; fileEncoding = 4; lastKnownFileType = sourcecode.cpp.h; path = NativeAPIExample.hpp; sourceTree = "<group>"; };
		C90B8FF71A195BDA005F3210 /* NativeGlobalObjectExample.hpp */ = {isa = PBXFileReference; fileEncoding = 4; lastKnownFileType = sourcecode.cpp.h; path = NativeGlobalObjectExample.hpp; sourceTree = "<group>"; };
		C90B8FF81A195BDA005F3210 /* NativeGlobalObjectExample.cpp */ = {isa = PBXFileReference; fileEncoding = 4; lastKnownFileType = sourcecode.cpp.cpp; path = NativeGlobalObjectExample.cpp; sourceTree = "<group>"; };
		C90B90061A19804D005F3210 /* Application.cpp */ = {isa = PBXFileReference; fileEncoding = 4; lastKnownFileType = sourcecode.cpp.cpp; name = Application.cpp; path = src/Application.cpp; sourceTree = "<group>"; };
		C90B90071A19804D005F3210 /* Application.hpp */ = {isa = PBXFileReference; fileEncoding = 4; lastKnownFileType = sourcecode.cpp.h; name = Application.hpp; path = include/Titanium/Application.hpp; sourceTree = "<group>"; };
		C90B900A1A198370005F3210 /* ApplicationBuilder.cpp */ = {isa = PBXFileReference; fileEncoding = 4; lastKnownFileType = sourcecode.cpp.cpp; name = ApplicationBuilder.cpp; path = src/ApplicationBuilder.cpp; sourceTree = "<group>"; };
		C90B900B1A198370005F3210 /* ApplicationBuilder.hpp */ = {isa = PBXFileReference; fileEncoding = 4; lastKnownFileType = sourcecode.cpp.h; name = ApplicationBuilder.hpp; path = include/Titanium/ApplicationBuilder.hpp; sourceTree = "<group>"; };
		C90B900E1A198976005F3210 /* ApplicationTests.mm */ = {isa = PBXFileReference; fileEncoding = 4; lastKnownFileType = sourcecode.cpp.objcpp; path = ApplicationTests.mm; sourceTree = "<group>"; };
		C90B90101A1ADC7D005F3210 /* NativeViewExample.cpp */ = {isa = PBXFileReference; fileEncoding = 4; lastKnownFileType = sourcecode.cpp.cpp; path = NativeViewExample.cpp; sourceTree = "<group>"; };
		C90B90111A1ADC7D005F3210 /* NativeViewExample.hpp */ = {isa = PBXFileReference; fileEncoding = 4; lastKnownFileType = sourcecode.cpp.h; path = NativeViewExample.hpp; sourceTree = "<group>"; };
		C97454491A02A2B000CB4CA9 /* libTitanium.a */ = {isa = PBXFileReference; explicitFileType = archive.ar; includeInIndex = 0; path = libTitanium.a; sourceTree = BUILT_PRODUCTS_DIR; };
		C97454581A02A2E500CB4CA9 /* Module.hpp */ = {isa = PBXFileReference; fileEncoding = 4; lastKnownFileType = sourcecode.cpp.h; name = Module.hpp; path = include/Titanium/Module.hpp; sourceTree = "<group>"; };
		C97454591A02A2E500CB4CA9 /* GlobalObject.hpp */ = {isa = PBXFileReference; fileEncoding = 4; lastKnownFileType = sourcecode.cpp.h; name = GlobalObject.hpp; path = include/Titanium/GlobalObject.hpp; sourceTree = "<group>"; };
		C97454641A02A40A00CB4CA9 /* TitaniumTests.xctest */ = {isa = PBXFileReference; explicitFileType = wrapper.cfbundle; includeInIndex = 0; path = TitaniumTests.xctest; sourceTree = BUILT_PRODUCTS_DIR; };
		C97454671A02A40A00CB4CA9 /* Info.plist */ = {isa = PBXFileReference; lastKnownFileType = text.plist.xml; path = Info.plist; sourceTree = "<group>"; };
		C97454761A02B1E100CB4CA9 /* JavaScriptCore.framework */ = {isa = PBXFileReference; lastKnownFileType = wrapper.framework; name = JavaScriptCore.framework; path = System/Library/Frameworks/JavaScriptCore.framework; sourceTree = SDKROOT; };
		C980919A1A2149A300AE5930 /* TitaniumKit_EXPORT.h */ = {isa = PBXFileReference; fileEncoding = 4; lastKnownFileType = sourcecode.c.h; name = TitaniumKit_EXPORT.h; path = xcode/TitaniumKit_EXPORT.h; sourceTree = "<group>"; };
		C980919F1A238DC500AE5930 /* Dimension.hpp */ = {isa = PBXFileReference; fileEncoding = 4; lastKnownFileType = sourcecode.cpp.h; name = Dimension.hpp; path = include/Titanium/UI/Dimension.hpp; sourceTree = "<group>"; };
		C98091A01A238DC500AE5930 /* Dimension.cpp */ = {isa = PBXFileReference; fileEncoding = 4; lastKnownFileType = sourcecode.cpp.cpp; name = Dimension.cpp; path = src/UI/Dimension.cpp; sourceTree = "<group>"; };
		C9BED21E1A27B14200CFF800 /* NativeModuleExample.cpp */ = {isa = PBXFileReference; fileEncoding = 4; lastKnownFileType = sourcecode.cpp.cpp; path = NativeModuleExample.cpp; sourceTree = "<group>"; };
		C9BED21F1A27B14200CFF800 /* NativeModuleExample.hpp */ = {isa = PBXFileReference; fileEncoding = 4; lastKnownFileType = sourcecode.cpp.h; path = NativeModuleExample.hpp; sourceTree = "<group>"; };
		C9BED2251A28F4CD00CFF800 /* Constants.hpp */ = {isa = PBXFileReference; fileEncoding = 4; lastKnownFileType = sourcecode.cpp.h; name = Constants.hpp; path = include/Titanium/UI/Constants.hpp; sourceTree = "<group>"; };
		C9E6AFB71A13043300FED053 /* Titanium.hpp */ = {isa = PBXFileReference; fileEncoding = 4; lastKnownFileType = sourcecode.cpp.h; name = Titanium.hpp; path = include/Titanium/Titanium.hpp; sourceTree = "<group>"; };
		C9E6AFB91A13044100FED053 /* TiLoggerTests.mm */ = {isa = PBXFileReference; fileEncoding = 4; lastKnownFileType = sourcecode.cpp.objcpp; path = TiLoggerTests.mm; sourceTree = "<group>"; };
		C9E6AFBC1A13D36500FED053 /* TiBase.hpp */ = {isa = PBXFileReference; fileEncoding = 4; lastKnownFileType = sourcecode.cpp.h; name = TiBase.hpp; path = include/Titanium/detail/TiBase.hpp; sourceTree = "<group>"; };
		C9E6AFBD1A13D36500FED053 /* HashUtilities.hpp */ = {isa = PBXFileReference; fileEncoding = 4; lastKnownFileType = sourcecode.cpp.h; name = HashUtilities.hpp; path = include/Titanium/detail/HashUtilities.hpp; sourceTree = "<group>"; };
		C9E6AFBE1A13D36500FED053 /* TiUtil.hpp */ = {isa = PBXFileReference; fileEncoding = 4; lastKnownFileType = sourcecode.cpp.h; name = TiUtil.hpp; path = include/Titanium/detail/TiUtil.hpp; sourceTree = "<group>"; };
		C9E6AFBF1A13D36500FED053 /* TiLoggerPolicyInterface.hpp */ = {isa = PBXFileReference; fileEncoding = 4; lastKnownFileType = sourcecode.cpp.h; name = TiLoggerPolicyInterface.hpp; path = include/Titanium/detail/TiLoggerPolicyInterface.hpp; sourceTree = "<group>"; };
		C9E6AFC01A13D36500FED053 /* TiLoggerPolicyFile.hpp */ = {isa = PBXFileReference; fileEncoding = 4; lastKnownFileType = sourcecode.cpp.h; name = TiLoggerPolicyFile.hpp; path = include/Titanium/detail/TiLoggerPolicyFile.hpp; sourceTree = "<group>"; };
		C9E6AFC11A13D36500FED053 /* TiLoggerPolicyConsole.hpp */ = {isa = PBXFileReference; fileEncoding = 4; lastKnownFileType = sourcecode.cpp.h; name = TiLoggerPolicyConsole.hpp; path = include/Titanium/detail/TiLoggerPolicyConsole.hpp; sourceTree = "<group>"; };
		C9E6AFC21A13D36500FED053 /* TiLoggerPimpl.hpp */ = {isa = PBXFileReference; fileEncoding = 4; lastKnownFileType = sourcecode.cpp.h; name = TiLoggerPimpl.hpp; path = include/Titanium/detail/TiLoggerPimpl.hpp; sourceTree = "<group>"; };
		C9E6AFC31A13D36500FED053 /* TiLogger.hpp */ = {isa = PBXFileReference; fileEncoding = 4; lastKnownFileType = sourcecode.cpp.h; name = TiLogger.hpp; path = include/Titanium/detail/TiLogger.hpp; sourceTree = "<group>"; };
		C9E6AFC41A13D37900FED053 /* TiUtil.cpp */ = {isa = PBXFileReference; fileEncoding = 4; lastKnownFileType = sourcecode.cpp.cpp; name = TiUtil.cpp; path = src/detail/TiUtil.cpp; sourceTree = "<group>"; };
		C9E6AFC51A13D37900FED053 /* TiLoggerPimpl.cpp */ = {isa = PBXFileReference; fileEncoding = 4; lastKnownFileType = sourcecode.cpp.cpp; name = TiLoggerPimpl.cpp; path = src/detail/TiLoggerPimpl.cpp; sourceTree = "<group>"; };
		C9E6AFC61A13D37900FED053 /* TiBase.cpp */ = {isa = PBXFileReference; fileEncoding = 4; lastKnownFileType = sourcecode.cpp.cpp; name = TiBase.cpp; path = src/detail/TiBase.cpp; sourceTree = "<group>"; };
		C9E6AFCD1A13DF3000FED053 /* GlobalObject.cpp */ = {isa = PBXFileReference; fileEncoding = 4; lastKnownFileType = sourcecode.cpp.cpp; name = GlobalObject.cpp; path = src/GlobalObject.cpp; sourceTree = "<group>"; };
		C9E6AFCF1A13E23300FED053 /* JavaScriptCoreCPP.xcodeproj */ = {isa = PBXFileReference; lastKnownFileType = "wrapper.pb-project"; name = JavaScriptCoreCPP.xcodeproj; path = ../../JavaScriptCoreCPP/xcode/JavaScriptCoreCPP.xcodeproj; sourceTree = "<group>"; };
		C9E6AFF51A158AD000FED053 /* GlobalObjectTests.mm */ = {isa = PBXFileReference; fileEncoding = 4; lastKnownFileType = sourcecode.cpp.objcpp; path = GlobalObjectTests.mm; sourceTree = "<group>"; };
		F96BCABC1A25CE4C00745C3B /* Platform.hpp */ = {isa = PBXFileReference; fileEncoding = 4; lastKnownFileType = sourcecode.cpp.h; name = Platform.hpp; path = include/Titanium/Platform.hpp; sourceTree = "<group>"; };
		F96BCABF1A25CE6100745C3B /* Platform.cpp */ = {isa = PBXFileReference; fileEncoding = 4; lastKnownFileType = sourcecode.cpp.cpp; name = Platform.cpp; path = src/Platform.cpp; sourceTree = "<group>"; };
		F96BCAC11A25CEB000745C3B /* NativePlatformExample.cpp */ = {isa = PBXFileReference; fileEncoding = 4; lastKnownFileType = sourcecode.cpp.cpp; path = NativePlatformExample.cpp; sourceTree = "<group>"; };
		F96BCAC21A25CEB000745C3B /* NativePlatformExample.hpp */ = {isa = PBXFileReference; fileEncoding = 4; lastKnownFileType = sourcecode.cpp.h; path = NativePlatformExample.hpp; sourceTree = "<group>"; };
		F9B177941A2C46F100ECE602 /* Accelerometer.hpp */ = {isa = PBXFileReference; fileEncoding = 4; lastKnownFileType = sourcecode.cpp.h; name = Accelerometer.hpp; path = include/Titanium/Accelerometer.hpp; sourceTree = "<group>"; };
		F9B177971A2C46FB00ECE602 /* Accelerometer.cpp */ = {isa = PBXFileReference; fileEncoding = 4; lastKnownFileType = sourcecode.cpp.cpp; name = Accelerometer.cpp; path = src/Accelerometer.cpp; sourceTree = "<group>"; };
/* End PBXFileReference section */

/* Begin PBXFrameworksBuildPhase section */
		C97454461A02A2B000CB4CA9 /* Frameworks */ = {
			isa = PBXFrameworksBuildPhase;
			buildActionMask = 2147483647;
			files = (
				C9E6AFDA1A13E25E00FED053 /* libJavaScriptCoreCPP.a in Frameworks */,
			);
			runOnlyForDeploymentPostprocessing = 0;
		};
		C97454611A02A40A00CB4CA9 /* Frameworks */ = {
			isa = PBXFrameworksBuildPhase;
			buildActionMask = 2147483647;
			files = (
				C9E6AFE41A13F74B00FED053 /* JavaScriptCore.framework in Frameworks */,
				C9E6AFE31A13F74100FED053 /* libJavaScriptCoreCPP.a in Frameworks */,
				C9E6AFE21A13F73A00FED053 /* libTitanium.a in Frameworks */,
			);
			runOnlyForDeploymentPostprocessing = 0;
		};
/* End PBXFrameworksBuildPhase section */

/* Begin PBXGroup section */
		C90B8F8B1A16D32C005F3210 /* UI */ = {
			isa = PBXGroup;
			children = (
				C9BED2251A28F4CD00CFF800 /* Constants.hpp */,
				C909508E1A29478A002133E1 /* Constants.cpp */,
				C980919F1A238DC500AE5930 /* Dimension.hpp */,
				C98091A01A238DC500AE5930 /* Dimension.cpp */,
				C90B8F8E1A16D346005F3210 /* View.hpp */,
				C90B8F8D1A16D346005F3210 /* View.cpp */,
				C90B8F921A16D83F005F3210 /* Window.hpp */,
				C90B8F911A16D83F005F3210 /* Window.cpp */,
				C90B8F961A16DBAD005F3210 /* Button.hpp */,
				C90B8F951A16DBAD005F3210 /* Button.cpp */,
				C90950801A291EB5002133E1 /* Animation.hpp */,
				C90950811A291EB5002133E1 /* Animation.cpp */,
				C909508C1A292CFA002133E1 /* TextArea.hpp */,
				C909508A1A292CEF002133E1 /* TextArea.cpp */,
				C90950941A2954B3002133E1 /* TextField.hpp */,
				C90950951A2954B3002133E1 /* TextField.cpp */,
				C90950981A296170002133E1 /* ListItem.hpp */,
				C90950991A296170002133E1 /* ListItem.cpp */,
				C909509C1A2963F3002133E1 /* ListView.hpp */,
				C909509D1A2963F3002133E1 /* ListView.cpp */,
				C90950A01A296802002133E1 /* Picker.hpp */,
				C90950A11A296802002133E1 /* Picker.cpp */,
				C90950A41A297E03002133E1 /* WebView.hpp */,
				C90950A51A297E03002133E1 /* WebView.cpp */,
				C90950A81A2A20C1002133E1 /* WebViewErrorEvent.hpp */,
				C90950A91A2A20C1002133E1 /* WebViewErrorEvent.cpp */,
			);
			name = UI;
			sourceTree = "<group>";
		};
		C90B8FEF1A195B7E005F3210 /* Examples */ = {
			isa = PBXGroup;
			children = (
				C90B8FF41A195BDA005F3210 /* ng.js */,
				C90B8FF71A195BDA005F3210 /* NativeGlobalObjectExample.hpp */,
				C90B8FF81A195BDA005F3210 /* NativeGlobalObjectExample.cpp */,
				C9BED21F1A27B14200CFF800 /* NativeModuleExample.hpp */,
				C9BED21E1A27B14200CFF800 /* NativeModuleExample.cpp */,
				C90B8FF61A195BDA005F3210 /* NativeAPIExample.hpp */,
				C90B8FF51A195BDA005F3210 /* NativeAPIExample.cpp */,
				F96BCAC11A25CEB000745C3B /* NativePlatformExample.cpp */,
				F96BCAC21A25CEB000745C3B /* NativePlatformExample.hpp */,
				C90B90111A1ADC7D005F3210 /* NativeViewExample.hpp */,
				C90B90101A1ADC7D005F3210 /* NativeViewExample.cpp */,
				C90B8FF01A195BDA005F3210 /* NativeWindowExample.hpp */,
				C90B8FF31A195BDA005F3210 /* NativeWindowExample.cpp */,
				C90B8FF21A195BDA005F3210 /* NativeButtonExample.hpp */,
				C90B8FF11A195BDA005F3210 /* NativeButtonExample.cpp */,
			);
			name = Examples;
			path = ../examples;
			sourceTree = "<group>";
		};
		C97454401A02A2B000CB4CA9 = {
			isa = PBXGroup;
			children = (
				C9E6AFCF1A13E23300FED053 /* JavaScriptCoreCPP.xcodeproj */,
				C97454761A02B1E100CB4CA9 /* JavaScriptCore.framework */,
				C974544B1A02A2B000CB4CA9 /* Titanium */,
				C9E6AFCA1A13D38700FED053 /* TiLogger */,
				C90B8FEF1A195B7E005F3210 /* Examples */,
				C97454651A02A40A00CB4CA9 /* TitaniumTests */,
				C974544A1A02A2B000CB4CA9 /* Products */,
			);
			sourceTree = "<group>";
		};
		C974544A1A02A2B000CB4CA9 /* Products */ = {
			isa = PBXGroup;
			children = (
				C97454491A02A2B000CB4CA9 /* libTitanium.a */,
				C97454641A02A40A00CB4CA9 /* TitaniumTests.xctest */,
			);
			name = Products;
			sourceTree = "<group>";
		};
		C974544B1A02A2B000CB4CA9 /* Titanium */ = {
			isa = PBXGroup;
			children = (
				C980919A1A2149A300AE5930 /* TitaniumKit_EXPORT.h */,
				C9E6AFB71A13043300FED053 /* Titanium.hpp */,
				C90B900B1A198370005F3210 /* ApplicationBuilder.hpp */,
				C90B900A1A198370005F3210 /* ApplicationBuilder.cpp */,
				C90B90071A19804D005F3210 /* Application.hpp */,
				C90B90061A19804D005F3210 /* Application.cpp */,
				C97454591A02A2E500CB4CA9 /* GlobalObject.hpp */,
				C9E6AFCD1A13DF3000FED053 /* GlobalObject.cpp */,
				C97454581A02A2E500CB4CA9 /* Module.hpp */,
				C90B8F871A167E36005F3210 /* Module.cpp */,
				C90B8FD21A17CB1C005F3210 /* API.hpp */,
				C90B8FD11A17CB1C005F3210 /* API.cpp */,
				F96BCABF1A25CE6100745C3B /* Platform.cpp */,
				F96BCABC1A25CE4C00745C3B /* Platform.hpp */,
				C90B8F9A1A16DDB0005F3210 /* UIModule.hpp */,
				C90B8F991A16DDB0005F3210 /* UIModule.cpp */,
				C90950901A2951A7002133E1 /* Gesture.hpp */,
				C90950911A2951A7002133E1 /* Gesture.cpp */,
				F9B177971A2C46FB00ECE602 /* Accelerometer.cpp */,
				F9B177941A2C46F100ECE602 /* Accelerometer.hpp */,
				C9E6AFBB1A13D34900FED053 /* detail */,
				C90B8F8B1A16D32C005F3210 /* UI */,
			);
			name = Titanium;
			path = ..;
			sourceTree = "<group>";
		};
		C97454651A02A40A00CB4CA9 /* TitaniumTests */ = {
			isa = PBXGroup;
			children = (
				C90B900E1A198976005F3210 /* ApplicationTests.mm */,
				C9E6AFF51A158AD000FED053 /* GlobalObjectTests.mm */,
				C90B8F841A166496005F3210 /* ModuleTests.mm */,
				C90B8FD61A17CC39005F3210 /* APITests.mm */,
				C90B8FD91A17DCF5005F3210 /* UITests.mm */,
				C90B8FE11A1935F4005F3210 /* ViewTests.mm */,
				C90B8FE31A193EC9005F3210 /* WindowTests.mm */,
				C90B8FE51A193F58005F3210 /* ButtonTests.mm */,
				C9E6AFB91A13044100FED053 /* TiLoggerTests.mm */,
				C97454661A02A40A00CB4CA9 /* Supporting Files */,
			);
			path = TitaniumTests;
			sourceTree = "<group>";
		};
		C97454661A02A40A00CB4CA9 /* Supporting Files */ = {
			isa = PBXGroup;
			children = (
				C97454671A02A40A00CB4CA9 /* Info.plist */,
			);
			name = "Supporting Files";
			sourceTree = "<group>";
		};
		C9E6AFBB1A13D34900FED053 /* detail */ = {
			isa = PBXGroup;
			children = (
				C9E6AFBC1A13D36500FED053 /* TiBase.hpp */,
				C9E6AFC61A13D37900FED053 /* TiBase.cpp */,
				C9E6AFBD1A13D36500FED053 /* HashUtilities.hpp */,
				C9E6AFBE1A13D36500FED053 /* TiUtil.hpp */,
				C9E6AFC41A13D37900FED053 /* TiUtil.cpp */,
			);
			name = detail;
			sourceTree = "<group>";
		};
		C9E6AFCA1A13D38700FED053 /* TiLogger */ = {
			isa = PBXGroup;
			children = (
				C9E6AFCB1A13D3ED00FED053 /* detail */,
			);
			name = TiLogger;
			path = ..;
			sourceTree = "<group>";
		};
		C9E6AFCB1A13D3ED00FED053 /* detail */ = {
			isa = PBXGroup;
			children = (
				C9E6AFC31A13D36500FED053 /* TiLogger.hpp */,
				C9E6AFBF1A13D36500FED053 /* TiLoggerPolicyInterface.hpp */,
				C9E6AFC11A13D36500FED053 /* TiLoggerPolicyConsole.hpp */,
				C9E6AFC01A13D36500FED053 /* TiLoggerPolicyFile.hpp */,
				C9E6AFC21A13D36500FED053 /* TiLoggerPimpl.hpp */,
				C9E6AFC51A13D37900FED053 /* TiLoggerPimpl.cpp */,
			);
			name = detail;
			sourceTree = "<group>";
		};
		C9E6AFD01A13E23300FED053 /* Products */ = {
			isa = PBXGroup;
			children = (
				C9E6AFD51A13E23300FED053 /* libJavaScriptCoreCPP.a */,
				C9E6AFD71A13E23300FED053 /* JavaScriptCoreCPPTests.xctest */,
			);
			name = Products;
			sourceTree = "<group>";
		};
/* End PBXGroup section */

/* Begin PBXHeadersBuildPhase section */
		C97454471A02A2B000CB4CA9 /* Headers */ = {
			isa = PBXHeadersBuildPhase;
			buildActionMask = 2147483647;
			files = (
				C909508D1A292CFA002133E1 /* TextArea.hpp in Headers */,
				C90B8F981A16DBAD005F3210 /* Button.hpp in Headers */,
				C90950821A291EB5002133E1 /* Animation.hpp in Headers */,
				F9B177951A2C46F100ECE602 /* Accelerometer.hpp in Headers */,
				C9E6AFB81A13043300FED053 /* Titanium.hpp in Headers */,
				C974545C1A02A2E500CB4CA9 /* GlobalObject.hpp in Headers */,
				C90950A61A297E03002133E1 /* WebView.hpp in Headers */,
				C90950AA1A2A20C1002133E1 /* WebViewErrorEvent.hpp in Headers */,
				F96BCABD1A25CE4C00745C3B /* Platform.hpp in Headers */,
				C90B8F901A16D346005F3210 /* View.hpp in Headers */,
				C90B8F941A16D83F005F3210 /* Window.hpp in Headers */,
				C90B8F9C1A16DDB0005F3210 /* UIModule.hpp in Headers */,
				C909509E1A2963F3002133E1 /* ListView.hpp in Headers */,
				C974545B1A02A2E500CB4CA9 /* Module.hpp in Headers */,
				C9E6AFE71A13F93F00FED053 /* TiBase.hpp in Headers */,
				C90B900D1A198370005F3210 /* ApplicationBuilder.hpp in Headers */,
				C90B90091A19804D005F3210 /* Application.hpp in Headers */,
				C980919B1A2149A300AE5930 /* TitaniumKit_EXPORT.h in Headers */,
				C9E6AFEC1A13F95300FED053 /* TiLogger.hpp in Headers */,
				C9E6AFED1A13F95500FED053 /* TiLoggerPolicyInterface.hpp in Headers */,
				F96BCAC41A25CEB000745C3B /* NativePlatformExample.hpp in Headers */,
				C9E6AFEE1A13F95900FED053 /* TiLoggerPolicyConsole.hpp in Headers */,
				C90B90131A1ADC7D005F3210 /* NativeViewExample.hpp in Headers */,
				C9BED2261A28F4CD00CFF800 /* Constants.hpp in Headers */,
				C90950921A2951A7002133E1 /* Gesture.hpp in Headers */,
				C909509A1A296170002133E1 /* ListItem.hpp in Headers */,
				C9E6AFEF1A13F95D00FED053 /* TiLoggerPolicyFile.hpp in Headers */,
				C9E6AFF01A13F96000FED053 /* TiLoggerPimpl.hpp in Headers */,
				C9E6AFEA1A13F94900FED053 /* TiUtil.hpp in Headers */,
				C98091A11A238DC500AE5930 /* Dimension.hpp in Headers */,
				C9E6AFE91A13F94500FED053 /* HashUtilities.hpp in Headers */,
				C9BED2211A27B14200CFF800 /* NativeModuleExample.hpp in Headers */,
				C90950961A2954B3002133E1 /* TextField.hpp in Headers */,
				C90950A21A296802002133E1 /* Picker.hpp in Headers */,
				C90B8FD41A17CB1C005F3210 /* API.hpp in Headers */,
			);
			runOnlyForDeploymentPostprocessing = 0;
		};
/* End PBXHeadersBuildPhase section */

/* Begin PBXNativeTarget section */
		C97454481A02A2B000CB4CA9 /* Titanium */ = {
			isa = PBXNativeTarget;
			buildConfigurationList = C97454541A02A2B000CB4CA9 /* Build configuration list for PBXNativeTarget "Titanium" */;
			buildPhases = (
				C97454451A02A2B000CB4CA9 /* Sources */,
				C97454461A02A2B000CB4CA9 /* Frameworks */,
				C97454471A02A2B000CB4CA9 /* Headers */,
			);
			buildRules = (
			);
			dependencies = (
				C9E6AFD91A13E25800FED053 /* PBXTargetDependency */,
			);
			name = Titanium;
			productName = Titanium;
			productReference = C97454491A02A2B000CB4CA9 /* libTitanium.a */;
			productType = "com.apple.product-type.library.static";
		};
		C97454631A02A40A00CB4CA9 /* TitaniumTests */ = {
			isa = PBXNativeTarget;
			buildConfigurationList = C974546D1A02A40A00CB4CA9 /* Build configuration list for PBXNativeTarget "TitaniumTests" */;
			buildPhases = (
				C97454601A02A40A00CB4CA9 /* Sources */,
				C97454611A02A40A00CB4CA9 /* Frameworks */,
				C97454621A02A40A00CB4CA9 /* Resources */,
			);
			buildRules = (
			);
			dependencies = (
				C9E6AFE11A13F73400FED053 /* PBXTargetDependency */,
			);
			name = TitaniumTests;
			productName = TitaniumTests;
			productReference = C97454641A02A40A00CB4CA9 /* TitaniumTests.xctest */;
			productType = "com.apple.product-type.bundle.unit-test";
		};
/* End PBXNativeTarget section */

/* Begin PBXProject section */
		C97454411A02A2B000CB4CA9 /* Project object */ = {
			isa = PBXProject;
			attributes = {
				LastUpgradeCheck = 0610;
				ORGANIZATIONNAME = Appcelerator;
				TargetAttributes = {
					C97454481A02A2B000CB4CA9 = {
						CreatedOnToolsVersion = 6.1;
					};
					C97454631A02A40A00CB4CA9 = {
						CreatedOnToolsVersion = 6.1;
					};
				};
			};
			buildConfigurationList = C97454441A02A2B000CB4CA9 /* Build configuration list for PBXProject "Titanium" */;
			compatibilityVersion = "Xcode 3.2";
			developmentRegion = English;
			hasScannedForEncodings = 0;
			knownRegions = (
				en,
			);
			mainGroup = C97454401A02A2B000CB4CA9;
			productRefGroup = C974544A1A02A2B000CB4CA9 /* Products */;
			projectDirPath = "";
			projectReferences = (
				{
					ProductGroup = C9E6AFD01A13E23300FED053 /* Products */;
					ProjectRef = C9E6AFCF1A13E23300FED053 /* JavaScriptCoreCPP.xcodeproj */;
				},
			);
			projectRoot = "";
			targets = (
				C97454481A02A2B000CB4CA9 /* Titanium */,
				C97454631A02A40A00CB4CA9 /* TitaniumTests */,
			);
		};
/* End PBXProject section */

/* Begin PBXReferenceProxy section */
		C9E6AFD51A13E23300FED053 /* libJavaScriptCoreCPP.a */ = {
			isa = PBXReferenceProxy;
			fileType = archive.ar;
			path = libJavaScriptCoreCPP.a;
			remoteRef = C9E6AFD41A13E23300FED053 /* PBXContainerItemProxy */;
			sourceTree = BUILT_PRODUCTS_DIR;
		};
		C9E6AFD71A13E23300FED053 /* JavaScriptCoreCPPTests.xctest */ = {
			isa = PBXReferenceProxy;
			fileType = wrapper.cfbundle;
			path = JavaScriptCoreCPPTests.xctest;
			remoteRef = C9E6AFD61A13E23300FED053 /* PBXContainerItemProxy */;
			sourceTree = BUILT_PRODUCTS_DIR;
		};
/* End PBXReferenceProxy section */

/* Begin PBXResourcesBuildPhase section */
		C97454621A02A40A00CB4CA9 /* Resources */ = {
			isa = PBXResourcesBuildPhase;
			buildActionMask = 2147483647;
			files = (
				C90B8FFB1A195BDA005F3210 /* ng.js in Resources */,
			);
			runOnlyForDeploymentPostprocessing = 0;
		};
/* End PBXResourcesBuildPhase section */

/* Begin PBXSourcesBuildPhase section */
		C97454451A02A2B000CB4CA9 /* Sources */ = {
			isa = PBXSourcesBuildPhase;
			buildActionMask = 2147483647;
			files = (
				C98091A21A238DC500AE5930 /* Dimension.cpp in Sources */,
				F9B177981A2C46FB00ECE602 /* Accelerometer.cpp in Sources */,
				C90B8F931A16D83F005F3210 /* Window.cpp in Sources */,
				C90950831A291EB5002133E1 /* Animation.cpp in Sources */,
				C9BED2201A27B14200CFF800 /* NativeModuleExample.cpp in Sources */,
				C909509F1A2963F3002133E1 /* ListView.cpp in Sources */,
				C90950AB1A2A20C1002133E1 /* WebViewErrorEvent.cpp in Sources */,
				C90950931A2951A7002133E1 /* Gesture.cpp in Sources */,
				F96BCAC31A25CEB000745C3B /* NativePlatformExample.cpp in Sources */,
				C90B8F8F1A16D346005F3210 /* View.cpp in Sources */,
				C90B900C1A198370005F3210 /* ApplicationBuilder.cpp in Sources */,
				C909508F1A29478A002133E1 /* Constants.cpp in Sources */,
				C909509B1A296170002133E1 /* ListItem.cpp in Sources */,
				F96BCAC01A25CE6100745C3B /* Platform.cpp in Sources */,
				C90B90121A1ADC7D005F3210 /* NativeViewExample.cpp in Sources */,
				C90B90081A19804D005F3210 /* Application.cpp in Sources */,
				C90B8FD31A17CB1C005F3210 /* API.cpp in Sources */,
				C90950A71A297E03002133E1 /* WebView.cpp in Sources */,
				C90950971A2954B3002133E1 /* TextField.cpp in Sources */,
				C909508B1A292CEF002133E1 /* TextArea.cpp in Sources */,
				C9E6AFE81A13F94200FED053 /* TiBase.cpp in Sources */,
				C90950A31A296802002133E1 /* Picker.cpp in Sources */,
				C90B8F881A167E36005F3210 /* Module.cpp in Sources */,
				C9E6AFE61A13F93800FED053 /* GlobalObject.cpp in Sources */,
				C9E6AFF11A13F96400FED053 /* TiLoggerPimpl.cpp in Sources */,
				C9E6AFEB1A13F94C00FED053 /* TiUtil.cpp in Sources */,
				C90B8F9B1A16DDB0005F3210 /* UIModule.cpp in Sources */,
				C90B8F971A16DBAD005F3210 /* Button.cpp in Sources */,
			);
			runOnlyForDeploymentPostprocessing = 0;
		};
		C97454601A02A40A00CB4CA9 /* Sources */ = {
			isa = PBXSourcesBuildPhase;
			buildActionMask = 2147483647;
			files = (
				C90B900F1A198976005F3210 /* ApplicationTests.mm in Sources */,
				C90B8FE61A193F58005F3210 /* ButtonTests.mm in Sources */,
				C9E6AFBA1A13044100FED053 /* TiLoggerTests.mm in Sources */,
				C90B8FDA1A17DCF5005F3210 /* UITests.mm in Sources */,
				C90B8F851A166496005F3210 /* ModuleTests.mm in Sources */,
				C90B8FFD1A195BDA005F3210 /* NativeGlobalObjectExample.cpp in Sources */,
				C90B8FE21A1935F4005F3210 /* ViewTests.mm in Sources */,
				C90B8FD71A17CC39005F3210 /* APITests.mm in Sources */,
				C90B8FFA1A195BDA005F3210 /* NativeWindowExample.cpp in Sources */,
				C90B8FF91A195BDA005F3210 /* NativeButtonExample.cpp in Sources */,
				C90B8FE41A193EC9005F3210 /* WindowTests.mm in Sources */,
				C90B8FFC1A195BDA005F3210 /* NativeAPIExample.cpp in Sources */,
				C9E6AFF61A158AD000FED053 /* GlobalObjectTests.mm in Sources */,
			);
			runOnlyForDeploymentPostprocessing = 0;
		};
/* End PBXSourcesBuildPhase section */

/* Begin PBXTargetDependency section */
		C9E6AFD91A13E25800FED053 /* PBXTargetDependency */ = {
			isa = PBXTargetDependency;
			name = JavaScriptCoreCPP;
			targetProxy = C9E6AFD81A13E25800FED053 /* PBXContainerItemProxy */;
		};
		C9E6AFE11A13F73400FED053 /* PBXTargetDependency */ = {
			isa = PBXTargetDependency;
			target = C97454481A02A2B000CB4CA9 /* Titanium */;
			targetProxy = C9E6AFE01A13F73400FED053 /* PBXContainerItemProxy */;
		};
/* End PBXTargetDependency section */

/* Begin XCBuildConfiguration section */
		C97454521A02A2B000CB4CA9 /* Debug */ = {
			isa = XCBuildConfiguration;
			buildSettings = {
				ALWAYS_SEARCH_USER_PATHS = NO;
				CLANG_CXX_LANGUAGE_STANDARD = "c++0x";
				CLANG_CXX_LIBRARY = "libc++";
				CLANG_ENABLE_MODULES = YES;
				CLANG_ENABLE_OBJC_ARC = YES;
				CLANG_WARN_BOOL_CONVERSION = YES;
				CLANG_WARN_CONSTANT_CONVERSION = YES;
				CLANG_WARN_DIRECT_OBJC_ISA_USAGE = YES_ERROR;
				CLANG_WARN_EMPTY_BODY = YES;
				CLANG_WARN_ENUM_CONVERSION = YES;
				CLANG_WARN_INT_CONVERSION = YES;
				CLANG_WARN_OBJC_ROOT_CLASS = YES_ERROR;
				CLANG_WARN_UNREACHABLE_CODE = YES;
				CLANG_WARN__DUPLICATE_METHOD_MATCH = YES;
				COPY_PHASE_STRIP = NO;
				ENABLE_STRICT_OBJC_MSGSEND = YES;
				GCC_C_LANGUAGE_STANDARD = gnu99;
				GCC_DYNAMIC_NO_PIC = NO;
				GCC_OPTIMIZATION_LEVEL = 0;
				GCC_PREPROCESSOR_DEFINITIONS = (
					"TRAVIS=$(TRAVIS)",
					"DEBUG=1",
					"$(inherited)",
				);
				GCC_SYMBOLS_PRIVATE_EXTERN = NO;
				GCC_WARN_64_TO_32_BIT_CONVERSION = YES;
				GCC_WARN_ABOUT_RETURN_TYPE = YES_ERROR;
				GCC_WARN_HIDDEN_VIRTUAL_FUNCTIONS = YES;
				GCC_WARN_NON_VIRTUAL_DESTRUCTOR = YES;
				GCC_WARN_UNDECLARED_SELECTOR = YES;
				GCC_WARN_UNINITIALIZED_AUTOS = YES_AGGRESSIVE;
				GCC_WARN_UNUSED_FUNCTION = YES;
				GCC_WARN_UNUSED_VARIABLE = YES;
				MACOSX_DEPLOYMENT_TARGET = 10.9;
				MTL_ENABLE_DEBUG_INFO = YES;
				ONLY_ACTIVE_ARCH = YES;
				SDKROOT = macosx;
				USER_HEADER_SEARCH_PATHS = ". ../include ../examples ../../JavaScriptCoreCPP/xcode ../../JavaScriptCoreCPP/include";
			};
			name = Debug;
		};
		C97454531A02A2B000CB4CA9 /* Release */ = {
			isa = XCBuildConfiguration;
			buildSettings = {
				ALWAYS_SEARCH_USER_PATHS = NO;
				CLANG_CXX_LANGUAGE_STANDARD = "c++0x";
				CLANG_CXX_LIBRARY = "libc++";
				CLANG_ENABLE_MODULES = YES;
				CLANG_ENABLE_OBJC_ARC = YES;
				CLANG_WARN_BOOL_CONVERSION = YES;
				CLANG_WARN_CONSTANT_CONVERSION = YES;
				CLANG_WARN_DIRECT_OBJC_ISA_USAGE = YES_ERROR;
				CLANG_WARN_EMPTY_BODY = YES;
				CLANG_WARN_ENUM_CONVERSION = YES;
				CLANG_WARN_INT_CONVERSION = YES;
				CLANG_WARN_OBJC_ROOT_CLASS = YES_ERROR;
				CLANG_WARN_UNREACHABLE_CODE = YES;
				CLANG_WARN__DUPLICATE_METHOD_MATCH = YES;
				COPY_PHASE_STRIP = YES;
				DEBUG_INFORMATION_FORMAT = "dwarf-with-dsym";
				ENABLE_NS_ASSERTIONS = NO;
				ENABLE_STRICT_OBJC_MSGSEND = YES;
				GCC_C_LANGUAGE_STANDARD = gnu99;
				GCC_WARN_64_TO_32_BIT_CONVERSION = YES;
				GCC_WARN_ABOUT_RETURN_TYPE = YES_ERROR;
				GCC_WARN_HIDDEN_VIRTUAL_FUNCTIONS = YES;
				GCC_WARN_NON_VIRTUAL_DESTRUCTOR = YES;
				GCC_WARN_UNDECLARED_SELECTOR = YES;
				GCC_WARN_UNINITIALIZED_AUTOS = YES_AGGRESSIVE;
				GCC_WARN_UNUSED_FUNCTION = YES;
				GCC_WARN_UNUSED_VARIABLE = YES;
				MACOSX_DEPLOYMENT_TARGET = 10.9;
				MTL_ENABLE_DEBUG_INFO = NO;
				SDKROOT = macosx;
				USER_HEADER_SEARCH_PATHS = ". ../include ../examples ../../JavaScriptCoreCPP/xcode ../../JavaScriptCoreCPP/include";
			};
			name = Release;
		};
		C97454551A02A2B000CB4CA9 /* Debug */ = {
			isa = XCBuildConfiguration;
			buildSettings = {
				EXECUTABLE_PREFIX = lib;
				GCC_ENABLE_CPP_EXCEPTIONS = YES;
				GCC_ENABLE_CPP_RTTI = YES;
				GCC_SYMBOLS_PRIVATE_EXTERN = NO;
				LIBRARY_SEARCH_PATHS = (
					"$(inherited)",
					/Users/matt/Documents/Appcelerator/src/Appcelerator/titanium_mobile_windows/Source/JavaScriptCoreCPP/xcode/build/Debug,
				);
				PRODUCT_NAME = "$(TARGET_NAME)";
			};
			name = Debug;
		};
		C97454561A02A2B000CB4CA9 /* Release */ = {
			isa = XCBuildConfiguration;
			buildSettings = {
				EXECUTABLE_PREFIX = lib;
				GCC_ENABLE_CPP_EXCEPTIONS = YES;
				GCC_ENABLE_CPP_RTTI = YES;
				GCC_SYMBOLS_PRIVATE_EXTERN = NO;
				LIBRARY_SEARCH_PATHS = (
					"$(inherited)",
					/Users/matt/Documents/Appcelerator/src/Appcelerator/titanium_mobile_windows/Source/JavaScriptCoreCPP/xcode/build/Debug,
				);
				PRODUCT_NAME = "$(TARGET_NAME)";
			};
			name = Release;
		};
		C974546E1A02A40A00CB4CA9 /* Debug */ = {
			isa = XCBuildConfiguration;
			buildSettings = {
				COMBINE_HIDPI_IMAGES = YES;
				FRAMEWORK_SEARCH_PATHS = (
					"$(DEVELOPER_FRAMEWORKS_DIR)",
					"$(inherited)",
				);
				INFOPLIST_FILE = TitaniumTests/Info.plist;
				LD_RUNPATH_SEARCH_PATHS = "$(inherited) @executable_path/../Frameworks @loader_path/../Frameworks";
				PRODUCT_NAME = "$(TARGET_NAME)";
			};
			name = Debug;
		};
		C974546F1A02A40A00CB4CA9 /* Release */ = {
			isa = XCBuildConfiguration;
			buildSettings = {
				COMBINE_HIDPI_IMAGES = YES;
				FRAMEWORK_SEARCH_PATHS = (
					"$(DEVELOPER_FRAMEWORKS_DIR)",
					"$(inherited)",
				);
				INFOPLIST_FILE = TitaniumTests/Info.plist;
				LD_RUNPATH_SEARCH_PATHS = "$(inherited) @executable_path/../Frameworks @loader_path/../Frameworks";
				PRODUCT_NAME = "$(TARGET_NAME)";
			};
			name = Release;
		};
/* End XCBuildConfiguration section */

/* Begin XCConfigurationList section */
		C97454441A02A2B000CB4CA9 /* Build configuration list for PBXProject "Titanium" */ = {
			isa = XCConfigurationList;
			buildConfigurations = (
				C97454521A02A2B000CB4CA9 /* Debug */,
				C97454531A02A2B000CB4CA9 /* Release */,
			);
			defaultConfigurationIsVisible = 0;
			defaultConfigurationName = Release;
		};
		C97454541A02A2B000CB4CA9 /* Build configuration list for PBXNativeTarget "Titanium" */ = {
			isa = XCConfigurationList;
			buildConfigurations = (
				C97454551A02A2B000CB4CA9 /* Debug */,
				C97454561A02A2B000CB4CA9 /* Release */,
			);
			defaultConfigurationIsVisible = 0;
			defaultConfigurationName = Release;
		};
		C974546D1A02A40A00CB4CA9 /* Build configuration list for PBXNativeTarget "TitaniumTests" */ = {
			isa = XCConfigurationList;
			buildConfigurations = (
				C974546E1A02A40A00CB4CA9 /* Debug */,
				C974546F1A02A40A00CB4CA9 /* Release */,
			);
			defaultConfigurationIsVisible = 0;
			defaultConfigurationName = Release;
		};
/* End XCConfigurationList section */
	};
	rootObject = C97454411A02A2B000CB4CA9 /* Project object */;
}
