// !$*UTF8*$!
{
	archiveVersion = 1;
	classes = {
	};
	objectVersion = 46;
	objects = {

/* Begin PBXBuildFile section */
		C90B8FBD1A16F537005F3210 /* UtilTests.m in Sources */ = {isa = PBXBuildFile; fileRef = C90B8FBC1A16F537005F3210 /* UtilTests.m */; };
		C90B8FBE1A16F537005F3210 /* libUtil.a in Frameworks */ = {isa = PBXBuildFile; fileRef = C90B8FA61A16F514005F3210 /* libUtil.a */; };
		C90B8FC81A16F5CB005F3210 /* JSObjectRefRAII.hpp in Headers */ = {isa = PBXBuildFile; fileRef = C90B8FC41A16F5CB005F3210 /* JSObjectRefRAII.hpp */; };
		C90B8FC91A16F5CB005F3210 /* OutputDebugStringBuf.hpp in Headers */ = {isa = PBXBuildFile; fileRef = C90B8FC51A16F5CB005F3210 /* OutputDebugStringBuf.hpp */; };
		C90B8FCA1A16F5CB005F3210 /* Statistics.hpp in Headers */ = {isa = PBXBuildFile; fileRef = C90B8FC61A16F5CB005F3210 /* Statistics.hpp */; };
		C90B8FCB1A16F5CB005F3210 /* virtual_enable_shared_from_this_base.hpp in Headers */ = {isa = PBXBuildFile; fileRef = C90B8FC71A16F5CB005F3210 /* virtual_enable_shared_from_this_base.hpp */; };
		C90B8FCE1A16F5D6005F3210 /* Statistics.cpp in Sources */ = {isa = PBXBuildFile; fileRef = C90B8FCC1A16F5D6005F3210 /* Statistics.cpp */; };
		C98091931A1EF0B700AE5930 /* JSObjectRefRAII.cpp in Sources */ = {isa = PBXBuildFile; fileRef = C98091921A1EF0B700AE5930 /* JSObjectRefRAII.cpp */; };
/* End PBXBuildFile section */

/* Begin PBXContainerItemProxy section */
		C90B8FBF1A16F537005F3210 /* PBXContainerItemProxy */ = {
			isa = PBXContainerItemProxy;
			containerPortal = C90B8F9E1A16F514005F3210 /* Project object */;
			proxyType = 1;
			remoteGlobalIDString = C90B8FA51A16F514005F3210;
			remoteInfo = Util;
		};
/* End PBXContainerItemProxy section */

/* Begin PBXFileReference section */
		C90B8FA61A16F514005F3210 /* libUtil.a */ = {isa = PBXFileReference; explicitFileType = archive.ar; includeInIndex = 0; path = libUtil.a; sourceTree = BUILT_PRODUCTS_DIR; };
		C90B8FB81A16F537005F3210 /* UtilTests.xctest */ = {isa = PBXFileReference; explicitFileType = wrapper.cfbundle; includeInIndex = 0; path = UtilTests.xctest; sourceTree = BUILT_PRODUCTS_DIR; };
		C90B8FBB1A16F537005F3210 /* Info.plist */ = {isa = PBXFileReference; lastKnownFileType = text.plist.xml; path = Info.plist; sourceTree = "<group>"; };
		C90B8FBC1A16F537005F3210 /* UtilTests.m */ = {isa = PBXFileReference; lastKnownFileType = sourcecode.c.objc; path = UtilTests.m; sourceTree = "<group>"; };
		C90B8FC41A16F5CB005F3210 /* JSObjectRefRAII.hpp */ = {isa = PBXFileReference; fileEncoding = 4; lastKnownFileType = sourcecode.cpp.h; name = JSObjectRefRAII.hpp; path = include/Util/JSObjectRefRAII.hpp; sourceTree = "<group>"; };
		C90B8FC51A16F5CB005F3210 /* OutputDebugStringBuf.hpp */ = {isa = PBXFileReference; fileEncoding = 4; lastKnownFileType = sourcecode.cpp.h; name = OutputDebugStringBuf.hpp; path = include/Util/OutputDebugStringBuf.hpp; sourceTree = "<group>"; };
		C90B8FC61A16F5CB005F3210 /* Statistics.hpp */ = {isa = PBXFileReference; fileEncoding = 4; lastKnownFileType = sourcecode.cpp.h; name = Statistics.hpp; path = include/Util/Statistics.hpp; sourceTree = "<group>"; };
		C90B8FC71A16F5CB005F3210 /* virtual_enable_shared_from_this_base.hpp */ = {isa = PBXFileReference; fileEncoding = 4; lastKnownFileType = sourcecode.cpp.h; name = virtual_enable_shared_from_this_base.hpp; path = include/Util/virtual_enable_shared_from_this_base.hpp; sourceTree = "<group>"; };
		C90B8FCC1A16F5D6005F3210 /* Statistics.cpp */ = {isa = PBXFileReference; fileEncoding = 4; lastKnownFileType = sourcecode.cpp.cpp; name = Statistics.cpp; path = src/Statistics.cpp; sourceTree = "<group>"; };
		C98091921A1EF0B700AE5930 /* JSObjectRefRAII.cpp */ = {isa = PBXFileReference; fileEncoding = 4; lastKnownFileType = sourcecode.cpp.cpp; name = JSObjectRefRAII.cpp; path = src/JSObjectRefRAII.cpp; sourceTree = "<group>"; };
/* End PBXFileReference section */

/* Begin PBXFrameworksBuildPhase section */
		C90B8FA31A16F514005F3210 /* Frameworks */ = {
			isa = PBXFrameworksBuildPhase;
			buildActionMask = 2147483647;
			files = (
			);
			runOnlyForDeploymentPostprocessing = 0;
		};
		C90B8FB51A16F537005F3210 /* Frameworks */ = {
			isa = PBXFrameworksBuildPhase;
			buildActionMask = 2147483647;
			files = (
				C90B8FBE1A16F537005F3210 /* libUtil.a in Frameworks */,
			);
			runOnlyForDeploymentPostprocessing = 0;
		};
/* End PBXFrameworksBuildPhase section */

/* Begin PBXGroup section */
		C90B8F9D1A16F514005F3210 = {
			isa = PBXGroup;
			children = (
				C90B8FA81A16F514005F3210 /* Util */,
				C90B8FB91A16F537005F3210 /* UtilTests */,
				C90B8FA71A16F514005F3210 /* Products */,
			);
			sourceTree = "<group>";
		};
		C90B8FA71A16F514005F3210 /* Products */ = {
			isa = PBXGroup;
			children = (
				C90B8FA61A16F514005F3210 /* libUtil.a */,
				C90B8FB81A16F537005F3210 /* UtilTests.xctest */,
			);
			name = Products;
			sourceTree = "<group>";
		};
		C90B8FA81A16F514005F3210 /* Util */ = {
			isa = PBXGroup;
			children = (
				C90B8FC41A16F5CB005F3210 /* JSObjectRefRAII.hpp */,
				C98091921A1EF0B700AE5930 /* JSObjectRefRAII.cpp */,
				C90B8FC61A16F5CB005F3210 /* Statistics.hpp */,
				C90B8FCC1A16F5D6005F3210 /* Statistics.cpp */,
				C90B8FC51A16F5CB005F3210 /* OutputDebugStringBuf.hpp */,
				C90B8FC71A16F5CB005F3210 /* virtual_enable_shared_from_this_base.hpp */,
			);
			name = Util;
			path = ..;
			sourceTree = "<group>";
		};
		C90B8FB91A16F537005F3210 /* UtilTests */ = {
			isa = PBXGroup;
			children = (
				C90B8FBC1A16F537005F3210 /* UtilTests.m */,
				C90B8FBA1A16F537005F3210 /* Supporting Files */,
			);
			path = UtilTests;
			sourceTree = "<group>";
		};
		C90B8FBA1A16F537005F3210 /* Supporting Files */ = {
			isa = PBXGroup;
			children = (
				C90B8FBB1A16F537005F3210 /* Info.plist */,
			);
			name = "Supporting Files";
			sourceTree = "<group>";
		};
/* End PBXGroup section */

/* Begin PBXHeadersBuildPhase section */
		C90B8FA41A16F514005F3210 /* Headers */ = {
			isa = PBXHeadersBuildPhase;
			buildActionMask = 2147483647;
			files = (
				C90B8FC91A16F5CB005F3210 /* OutputDebugStringBuf.hpp in Headers */,
				C90B8FCB1A16F5CB005F3210 /* virtual_enable_shared_from_this_base.hpp in Headers */,
				C90B8FCA1A16F5CB005F3210 /* Statistics.hpp in Headers */,
				C90B8FC81A16F5CB005F3210 /* JSObjectRefRAII.hpp in Headers */,
			);
			runOnlyForDeploymentPostprocessing = 0;
		};
/* End PBXHeadersBuildPhase section */

/* Begin PBXNativeTarget section */
		C90B8FA51A16F514005F3210 /* Util */ = {
			isa = PBXNativeTarget;
			buildConfigurationList = C90B8FB11A16F514005F3210 /* Build configuration list for PBXNativeTarget "Util" */;
			buildPhases = (
				C90B8FA21A16F514005F3210 /* Sources */,
				C90B8FA31A16F514005F3210 /* Frameworks */,
				C90B8FA41A16F514005F3210 /* Headers */,
			);
			buildRules = (
			);
			dependencies = (
			);
			name = Util;
			productName = Util;
			productReference = C90B8FA61A16F514005F3210 /* libUtil.a */;
			productType = "com.apple.product-type.library.static";
		};
		C90B8FB71A16F537005F3210 /* UtilTests */ = {
			isa = PBXNativeTarget;
			buildConfigurationList = C90B8FC11A16F537005F3210 /* Build configuration list for PBXNativeTarget "UtilTests" */;
			buildPhases = (
				C90B8FB41A16F537005F3210 /* Sources */,
				C90B8FB51A16F537005F3210 /* Frameworks */,
				C90B8FB61A16F537005F3210 /* Resources */,
			);
			buildRules = (
			);
			dependencies = (
				C90B8FC01A16F537005F3210 /* PBXTargetDependency */,
			);
			name = UtilTests;
			productName = UtilTests;
			productReference = C90B8FB81A16F537005F3210 /* UtilTests.xctest */;
			productType = "com.apple.product-type.bundle.unit-test";
		};
/* End PBXNativeTarget section */

/* Begin PBXProject section */
		C90B8F9E1A16F514005F3210 /* Project object */ = {
			isa = PBXProject;
			attributes = {
				LastUpgradeCheck = 0610;
				ORGANIZATIONNAME = Appcelerator;
				TargetAttributes = {
					C90B8FA51A16F514005F3210 = {
						CreatedOnToolsVersion = 6.1;
					};
					C90B8FB71A16F537005F3210 = {
						CreatedOnToolsVersion = 6.1;
					};
				};
			};
			buildConfigurationList = C90B8FA11A16F514005F3210 /* Build configuration list for PBXProject "Util" */;
			compatibilityVersion = "Xcode 3.2";
			developmentRegion = English;
			hasScannedForEncodings = 0;
			knownRegions = (
				en,
			);
			mainGroup = C90B8F9D1A16F514005F3210;
			productRefGroup = C90B8FA71A16F514005F3210 /* Products */;
			projectDirPath = "";
			projectRoot = "";
			targets = (
				C90B8FA51A16F514005F3210 /* Util */,
				C90B8FB71A16F537005F3210 /* UtilTests */,
			);
		};
/* End PBXProject section */

/* Begin PBXResourcesBuildPhase section */
		C90B8FB61A16F537005F3210 /* Resources */ = {
			isa = PBXResourcesBuildPhase;
			buildActionMask = 2147483647;
			files = (
			);
			runOnlyForDeploymentPostprocessing = 0;
		};
/* End PBXResourcesBuildPhase section */

/* Begin PBXSourcesBuildPhase section */
		C90B8FA21A16F514005F3210 /* Sources */ = {
			isa = PBXSourcesBuildPhase;
			buildActionMask = 2147483647;
			files = (
				C98091931A1EF0B700AE5930 /* JSObjectRefRAII.cpp in Sources */,
				C90B8FCE1A16F5D6005F3210 /* Statistics.cpp in Sources */,
			);
			runOnlyForDeploymentPostprocessing = 0;
		};
		C90B8FB41A16F537005F3210 /* Sources */ = {
			isa = PBXSourcesBuildPhase;
			buildActionMask = 2147483647;
			files = (
				C90B8FBD1A16F537005F3210 /* UtilTests.m in Sources */,
			);
			runOnlyForDeploymentPostprocessing = 0;
		};
/* End PBXSourcesBuildPhase section */

/* Begin PBXTargetDependency section */
		C90B8FC01A16F537005F3210 /* PBXTargetDependency */ = {
			isa = PBXTargetDependency;
			target = C90B8FA51A16F514005F3210 /* Util */;
			targetProxy = C90B8FBF1A16F537005F3210 /* PBXContainerItemProxy */;
		};
/* End PBXTargetDependency section */

/* Begin XCBuildConfiguration section */
		C90B8FAF1A16F514005F3210 /* Debug */ = {
			isa = XCBuildConfiguration;
			buildSettings = {
				ALWAYS_SEARCH_USER_PATHS = NO;
				CLANG_CXX_LANGUAGE_STANDARD = "gnu++0x";
				CLANG_CXX_LIBRARY = "libc++";
				CLANG_ENABLE_MODULES = YES;
				CLANG_ENABLE_OBJC_ARC = YES;
				CLANG_WARN_BOOL_CONVERSION = YES;
				CLANG_WARN_CONSTANT_CONVERSION = YES;
				CLANG_WARN_DIRECT_OBJC_ISA_USAGE = YES_ERROR;
				CLANG_WARN_EMPTY_BODY = YES;
				CLANG_WARN_ENUM_CONVERSION = YES;
				CLANG_WARN_INT_CONVERSION = YES;
				CLANG_WARN_OBJC_ROOT_CLASS = YES_ERROR;
				CLANG_WARN_UNREACHABLE_CODE = YES;
				CLANG_WARN__DUPLICATE_METHOD_MATCH = YES;
				COPY_PHASE_STRIP = NO;
				ENABLE_STRICT_OBJC_MSGSEND = YES;
				GCC_C_LANGUAGE_STANDARD = gnu99;
				GCC_DYNAMIC_NO_PIC = NO;
				GCC_OPTIMIZATION_LEVEL = 0;
				GCC_PREPROCESSOR_DEFINITIONS = (
					"DEBUG=1",
					"$(inherited)",
				);
				GCC_SYMBOLS_PRIVATE_EXTERN = NO;
				GCC_WARN_64_TO_32_BIT_CONVERSION = YES;
				GCC_WARN_ABOUT_RETURN_TYPE = YES_ERROR;
				GCC_WARN_UNDECLARED_SELECTOR = YES;
				GCC_WARN_UNINITIALIZED_AUTOS = YES_AGGRESSIVE;
				GCC_WARN_UNUSED_FUNCTION = YES;
				GCC_WARN_UNUSED_VARIABLE = YES;
				MACOSX_DEPLOYMENT_TARGET = 10.9;
				MTL_ENABLE_DEBUG_INFO = YES;
				ONLY_ACTIVE_ARCH = YES;
				SDKROOT = macosx;
				USER_HEADER_SEARCH_PATHS = ../include;
			};
			name = Debug;
		};
		C90B8FB01A16F514005F3210 /* Release */ = {
			isa = XCBuildConfiguration;
			buildSettings = {
				ALWAYS_SEARCH_USER_PATHS = NO;
				CLANG_CXX_LANGUAGE_STANDARD = "gnu++0x";
				CLANG_CXX_LIBRARY = "libc++";
				CLANG_ENABLE_MODULES = YES;
				CLANG_ENABLE_OBJC_ARC = YES;
				CLANG_WARN_BOOL_CONVERSION = YES;
				CLANG_WARN_CONSTANT_CONVERSION = YES;
				CLANG_WARN_DIRECT_OBJC_ISA_USAGE = YES_ERROR;
				CLANG_WARN_EMPTY_BODY = YES;
				CLANG_WARN_ENUM_CONVERSION = YES;
				CLANG_WARN_INT_CONVERSION = YES;
				CLANG_WARN_OBJC_ROOT_CLASS = YES_ERROR;
				CLANG_WARN_UNREACHABLE_CODE = YES;
				CLANG_WARN__DUPLICATE_METHOD_MATCH = YES;
				COPY_PHASE_STRIP = YES;
				DEBUG_INFORMATION_FORMAT = "dwarf-with-dsym";
				ENABLE_NS_ASSERTIONS = NO;
				ENABLE_STRICT_OBJC_MSGSEND = YES;
				GCC_C_LANGUAGE_STANDARD = gnu99;
				GCC_WARN_64_TO_32_BIT_CONVERSION = YES;
				GCC_WARN_ABOUT_RETURN_TYPE = YES_ERROR;
				GCC_WARN_UNDECLARED_SELECTOR = YES;
				GCC_WARN_UNINITIALIZED_AUTOS = YES_AGGRESSIVE;
				GCC_WARN_UNUSED_FUNCTION = YES;
				GCC_WARN_UNUSED_VARIABLE = YES;
				MACOSX_DEPLOYMENT_TARGET = 10.9;
				MTL_ENABLE_DEBUG_INFO = NO;
				SDKROOT = macosx;
				USER_HEADER_SEARCH_PATHS = ../include;
			};
			name = Release;
		};
		C90B8FB21A16F514005F3210 /* Debug */ = {
			isa = XCBuildConfiguration;
			buildSettings = {
				EXECUTABLE_PREFIX = lib;
				GCC_ENABLE_CPP_EXCEPTIONS = YES;
				GCC_ENABLE_CPP_RTTI = YES;
				GCC_SYMBOLS_PRIVATE_EXTERN = NO;
				PRODUCT_NAME = "$(TARGET_NAME)";
			};
			name = Debug;
		};
		C90B8FB31A16F514005F3210 /* Release */ = {
			isa = XCBuildConfiguration;
			buildSettings = {
				EXECUTABLE_PREFIX = lib;
				GCC_ENABLE_CPP_EXCEPTIONS = YES;
				GCC_ENABLE_CPP_RTTI = YES;
				GCC_SYMBOLS_PRIVATE_EXTERN = NO;
				PRODUCT_NAME = "$(TARGET_NAME)";
			};
			name = Release;
		};
		C90B8FC21A16F537005F3210 /* Debug */ = {
			isa = XCBuildConfiguration;
			buildSettings = {
				COMBINE_HIDPI_IMAGES = YES;
				FRAMEWORK_SEARCH_PATHS = (
					"$(DEVELOPER_FRAMEWORKS_DIR)",
					"$(inherited)",
				);
				GCC_PREPROCESSOR_DEFINITIONS = (
					"DEBUG=1",
					"$(inherited)",
				);
				INFOPLIST_FILE = UtilTests/Info.plist;
				LD_RUNPATH_SEARCH_PATHS = "$(inherited) @executable_path/../Frameworks @loader_path/../Frameworks";
				PRODUCT_NAME = "$(TARGET_NAME)";
			};
			name = Debug;
		};
		C90B8FC31A16F537005F3210 /* Release */ = {
			isa = XCBuildConfiguration;
			buildSettings = {
				COMBINE_HIDPI_IMAGES = YES;
				FRAMEWORK_SEARCH_PATHS = (
					"$(DEVELOPER_FRAMEWORKS_DIR)",
					"$(inherited)",
				);
				INFOPLIST_FILE = UtilTests/Info.plist;
				LD_RUNPATH_SEARCH_PATHS = "$(inherited) @executable_path/../Frameworks @loader_path/../Frameworks";
				PRODUCT_NAME = "$(TARGET_NAME)";
			};
			name = Release;
		};
/* End XCBuildConfiguration section */

/* Begin XCConfigurationList section */
		C90B8FA11A16F514005F3210 /* Build configuration list for PBXProject "Util" */ = {
			isa = XCConfigurationList;
			buildConfigurations = (
				C90B8FAF1A16F514005F3210 /* Debug */,
				C90B8FB01A16F514005F3210 /* Release */,
			);
			defaultConfigurationIsVisible = 0;
			defaultConfigurationName = Release;
		};
		C90B8FB11A16F514005F3210 /* Build configuration list for PBXNativeTarget "Util" */ = {
			isa = XCConfigurationList;
			buildConfigurations = (
				C90B8FB21A16F514005F3210 /* Debug */,
				C90B8FB31A16F514005F3210 /* Release */,
			);
			defaultConfigurationIsVisible = 0;
			defaultConfigurationName = Release;
		};
		C90B8FC11A16F537005F3210 /* Build configuration list for PBXNativeTarget "UtilTests" */ = {
			isa = XCConfigurationList;
			buildConfigurations = (
				C90B8FC21A16F537005F3210 /* Debug */,
				C90B8FC31A16F537005F3210 /* Release */,
			);
			defaultConfigurationIsVisible = 0;
			defaultConfigurationName = Release;
		};
/* End XCConfigurationList section */
	};
	rootObject = C90B8F9E1A16F514005F3210 /* Project object */;
}
